PODS:
  - LicensePlist (3.24.9)
  - SwiftLint (0.51.0)

DEPENDENCIES:
  - LicensePlist
  - SwiftLint

SPEC REPOS:
  trunk:
    - LicensePlist
    - SwiftLint

SPEC CHECKSUMS:
  LicensePlist: a16d02dc0aae63fe22c516a775ea6f51459dc3f8
  SwiftLint: 1b7561918a19e23bfed960e40759086e70f4dba5

PODFILE CHECKSUM: 92c4595835758f2815147af25b279ee0a7a3d8ee

COCOAPODS: 1.12.1
