// !$*UTF8*$!
{
	archiveVersion = 1;
	classes = {
	};
	objectVersion = 55;
	objects = {

/* Begin PBXBuildFile section */
		6BD46DC1001EA7C1A9342435 /* Pods_fusen_fusenUITests.framework in Frameworks */ = {isa = PBXBuildFile; fileRef = DED65B63C22476AE8B5011AE /* Pods_fusen_fusenUITests.framework */; };
		7A11FCA326CB45DF00F1A6BC /* NotificationExtension.swift in Sources */ = {isa = PBXBuildFile; fileRef = 7A11FCA226CB45DF00F1A6BC /* NotificationExtension.swift */; };
		7A11FCA526CB467C00F1A6BC /* NotificationCenterExtension.swift in Sources */ = {isa = PBXBuildFile; fileRef = 7A11FCA426CB467C00F1A6BC /* NotificationCenterExtension.swift */; };
		7A11FCA826CB47E200F1A6BC /* SettingTabViewModel.swift in Sources */ = {isa = PBXBuildFile; fileRef = 7A11FCA726CB47E200F1A6BC /* SettingTabViewModel.swift */; };
		7A11FCAA26CB47EA00F1A6BC /* SettingTabView.swift in Sources */ = {isa = PBXBuildFile; fileRef = 7A11FCA926CB47EA00F1A6BC /* SettingTabView.swift */; };
		7A11FCAC26CB521B00F1A6BC /* SectionHeaderText.swift in Sources */ = {isa = PBXBuildFile; fileRef = 7A11FCAB26CB521B00F1A6BC /* SectionHeaderText.swift */; };
		7A11FCAE26CB532700F1A6BC /* ShowAllText.swift in Sources */ = {isa = PBXBuildFile; fileRef = 7A11FCAD26CB532700F1A6BC /* ShowAllText.swift */; };
		7A11FCB026CB537500F1A6BC /* LatestBookItem.swift in Sources */ = {isa = PBXBuildFile; fileRef = 7A11FCAF26CB537500F1A6BC /* LatestBookItem.swift */; };
		7A11FCB326CB57FE00F1A6BC /* ControlToolbar.swift in Sources */ = {isa = PBXBuildFile; fileRef = 7A11FCB226CB57FE00F1A6BC /* ControlToolbar.swift */; };
		7A11FCB626CB5DD400F1A6BC /* AddMemoView.swift in Sources */ = {isa = PBXBuildFile; fileRef = 7A11FCB526CB5DD400F1A6BC /* AddMemoView.swift */; };
		7A11FCB826CB5DDC00F1A6BC /* AddMemoViewModel.swift in Sources */ = {isa = PBXBuildFile; fileRef = 7A11FCB726CB5DDC00F1A6BC /* AddMemoViewModel.swift */; };
		7A11FCBD26CD3FC500F1A6BC /* BookListView.swift in Sources */ = {isa = PBXBuildFile; fileRef = 7A11FCBC26CD3FC500F1A6BC /* BookListView.swift */; };
		7A11FCBF26CD401800F1A6BC /* BookListViewModel.swift in Sources */ = {isa = PBXBuildFile; fileRef = 7A11FCBE26CD401800F1A6BC /* BookListViewModel.swift */; };
		7A11FCC126CD4B9D00F1A6BC /* BookShelfSection.swift in Sources */ = {isa = PBXBuildFile; fileRef = 7A11FCC026CD4B9D00F1A6BC /* BookShelfSection.swift */; };
		7A11FCC326CD4BAB00F1A6BC /* BookShelfSectionModel.swift in Sources */ = {isa = PBXBuildFile; fileRef = 7A11FCC226CD4BAB00F1A6BC /* BookShelfSectionModel.swift */; };
		7A33118026CD692E00EB520D /* BookListItem.swift in Sources */ = {isa = PBXBuildFile; fileRef = 7A33117F26CD692E00EB520D /* BookListItem.swift */; };
		7AD1610526C29EB500334A63 /* MainView.swift in Sources */ = {isa = PBXBuildFile; fileRef = 7AD1610426C29EB500334A63 /* MainView.swift */; };
		7AD1610826C29ED300334A63 /* MainViewModel.swift in Sources */ = {isa = PBXBuildFile; fileRef = 7AD1610726C29ED300334A63 /* MainViewModel.swift */; };
		7AD1610B26C29FE400334A63 /* ImageExtension.swift in Sources */ = {isa = PBXBuildFile; fileRef = 7AD1610A26C29FE400334A63 /* ImageExtension.swift */; };
		7AD1610E26C2A25A00334A63 /* BookShelfTabView.swift in Sources */ = {isa = PBXBuildFile; fileRef = 7AD1610D26C2A25A00334A63 /* BookShelfTabView.swift */; };
		7AD1611026C2A26300334A63 /* BookShelfTabViewModel.swift in Sources */ = {isa = PBXBuildFile; fileRef = 7AD1610F26C2A26300334A63 /* BookShelfTabViewModel.swift */; };
		7AD1611226C2A40000334A63 /* ColorExtension.swift in Sources */ = {isa = PBXBuildFile; fileRef = 7AD1611126C2A40000334A63 /* ColorExtension.swift */; };
		7AD1611426C2A45600334A63 /* Colors.xcassets in Resources */ = {isa = PBXBuildFile; fileRef = 7AD1611326C2A45500334A63 /* Colors.xcassets */; };
		7AD1611626C2A6CE00334A63 /* FontExtension.swift in Sources */ = {isa = PBXBuildFile; fileRef = 7AD1611526C2A6CE00334A63 /* FontExtension.swift */; };
		7AD1611826C2A8BC00334A63 /* UIColorExtension.swift in Sources */ = {isa = PBXBuildFile; fileRef = 7AD1611726C2A8BC00334A63 /* UIColorExtension.swift */; };
		A001E02C26C943AF00AC92BA /* FirestoreCreateBook.swift in Sources */ = {isa = PBXBuildFile; fileRef = A001E02B26C943AF00AC92BA /* FirestoreCreateBook.swift */; };
		A001E02E26C9477700AC92BA /* BookShelfItem.swift in Sources */ = {isa = PBXBuildFile; fileRef = A001E02D26C9477700AC92BA /* BookShelfItem.swift */; };
		A001E03126C9E62400AC92BA /* BookView.swift in Sources */ = {isa = PBXBuildFile; fileRef = A001E03026C9E62400AC92BA /* BookView.swift */; };
		A001E03326C9E62D00AC92BA /* BookViewModel.swift in Sources */ = {isa = PBXBuildFile; fileRef = A001E03226C9E62D00AC92BA /* BookViewModel.swift */; };
		A001E03526C9F85B00AC92BA /* BookImageView.swift in Sources */ = {isa = PBXBuildFile; fileRef = A001E03426C9F85B00AC92BA /* BookImageView.swift */; };
		A001E03726CA061B00AC92BA /* PlaceholderTextEditor.swift in Sources */ = {isa = PBXBuildFile; fileRef = A001E03626CA061B00AC92BA /* PlaceholderTextEditor.swift */; };
		A001E03926CA2CDE00AC92BA /* FirestoreUpdateBook.swift in Sources */ = {isa = PBXBuildFile; fileRef = A001E03826CA2CDE00AC92BA /* FirestoreUpdateBook.swift */; };
		A001E05526CBCA8A00AC92BA /* SaveButton.swift in Sources */ = {isa = PBXBuildFile; fileRef = A001E05426CBCA8A00AC92BA /* SaveButton.swift */; };
		A007C07726C7796600270671 /* TutorialView.swift in Sources */ = {isa = PBXBuildFile; fileRef = A007C07626C7796600270671 /* TutorialView.swift */; };
		A007C07926C7797000270671 /* TutorialViewModel.swift in Sources */ = {isa = PBXBuildFile; fileRef = A007C07826C7797000270671 /* TutorialViewModel.swift */; };
		A007C07C26C7805B00270671 /* AccountService.swift in Sources */ = {isa = PBXBuildFile; fileRef = A007C07B26C7805B00270671 /* AccountService.swift */; };
		A007C07E26C78E5700270671 /* User.swift in Sources */ = {isa = PBXBuildFile; fileRef = A007C07D26C78E5700270671 /* User.swift */; };
		A007C08026C78E8500270671 /* ID.swift in Sources */ = {isa = PBXBuildFile; fileRef = A007C07F26C78E8500270671 /* ID.swift */; };
		A007C08326C78FB400270671 /* Logger.swift in Sources */ = {isa = PBXBuildFile; fileRef = A007C08226C78FB400270671 /* Logger.swift */; };
		A007C08526C7AD9200270671 /* ToastView.swift in Sources */ = {isa = PBXBuildFile; fileRef = A007C08426C7AD9200270671 /* ToastView.swift */; };
		A007C08726C7C91700270671 /* LoadingHUD.swift in Sources */ = {isa = PBXBuildFile; fileRef = A007C08626C7C91700270671 /* LoadingHUD.swift */; };
		A007C08926C7DABE00270671 /* BookRepository.swift in Sources */ = {isa = PBXBuildFile; fileRef = A007C08826C7DABE00270671 /* BookRepository.swift */; };
		A007C08B26C7DACA00270671 /* BookRepositoryImpl.swift in Sources */ = {isa = PBXBuildFile; fileRef = A007C08A26C7DACA00270671 /* BookRepositoryImpl.swift */; };
		A007C08D26C7DB0E00270671 /* Book.swift in Sources */ = {isa = PBXBuildFile; fileRef = A007C08C26C7DB0E00270671 /* Book.swift */; };
		A007C09026C7EF9700270671 /* FirestoreExtension.swift in Sources */ = {isa = PBXBuildFile; fileRef = A007C08F26C7EF9700270671 /* FirestoreExtension.swift */; };
		A007C09226C83A7200270671 /* Pager.swift in Sources */ = {isa = PBXBuildFile; fileRef = A007C09126C83A7200270671 /* Pager.swift */; };
		A007C09526C8CAB700270671 /* FirestoreGetBook.swift in Sources */ = {isa = PBXBuildFile; fileRef = A007C09426C8CAB600270671 /* FirestoreGetBook.swift */; };
		A052EAC026C3D7430033CE47 /* AddBookView.swift in Sources */ = {isa = PBXBuildFile; fileRef = A052EABF26C3D7430033CE47 /* AddBookView.swift */; };
		A052EAC226C3D74C0033CE47 /* AddBookViewModel.swift in Sources */ = {isa = PBXBuildFile; fileRef = A052EAC126C3D74C0033CE47 /* AddBookViewModel.swift */; };
		A052EAC426C3E4140033CE47 /* CancelButton.swift in Sources */ = {isa = PBXBuildFile; fileRef = A052EAC326C3E4140033CE47 /* CancelButton.swift */; };
		A052EAC626C3E4650033CE47 /* AddBookItem.swift in Sources */ = {isa = PBXBuildFile; fileRef = A052EAC526C3E4650033CE47 /* AddBookItem.swift */; };
		A052EACA26C3F4E90033CE47 /* Publication.swift in Sources */ = {isa = PBXBuildFile; fileRef = A052EAC926C3F4E90033CE47 /* Publication.swift */; };
		A052EACC26C3F79B0033CE47 /* PublicationRepository.swift in Sources */ = {isa = PBXBuildFile; fileRef = A052EACB26C3F79B0033CE47 /* PublicationRepository.swift */; };
		A052EAD026C3F7F50033CE47 /* PublicationRepositoryImpl.swift in Sources */ = {isa = PBXBuildFile; fileRef = A052EACF26C3F7F50033CE47 /* PublicationRepositoryImpl.swift */; };
		A052EAD326C3F89E0033CE47 /* PublicationResponse.swift in Sources */ = {isa = PBXBuildFile; fileRef = A052EAD226C3F89E0033CE47 /* PublicationResponse.swift */; };
		A062C18926C5F33500C56E2A /* AppEnv.swift in Sources */ = {isa = PBXBuildFile; fileRef = A062C18826C5F33500C56E2A /* AppEnv.swift */; };
		A069981126CBE449006E74C6 /* MemoRepository.swift in Sources */ = {isa = PBXBuildFile; fileRef = A069981026CBE449006E74C6 /* MemoRepository.swift */; };
		A069981326CBE47E006E74C6 /* Memo.swift in Sources */ = {isa = PBXBuildFile; fileRef = A069981226CBE47E006E74C6 /* Memo.swift */; };
		A069981526CBE6A0006E74C6 /* MemoRepositoryImpl.swift in Sources */ = {isa = PBXBuildFile; fileRef = A069981426CBE6A0006E74C6 /* MemoRepositoryImpl.swift */; };
		A069981726CBE6FE006E74C6 /* FirestoreCreateMemo.swift in Sources */ = {isa = PBXBuildFile; fileRef = A069981626CBE6FE006E74C6 /* FirestoreCreateMemo.swift */; };
		A069981A26CC3774006E74C6 /* QueryExtension.swift in Sources */ = {isa = PBXBuildFile; fileRef = A069981926CC3774006E74C6 /* QueryExtension.swift */; };
		A069981C26CC37BF006E74C6 /* FirestoreGetMemo.swift in Sources */ = {isa = PBXBuildFile; fileRef = A069981B26CC37BF006E74C6 /* FirestoreGetMemo.swift */; };
		A069981E26CC3ECC006E74C6 /* PagerCache.swift in Sources */ = {isa = PBXBuildFile; fileRef = A069981D26CC3ECC006E74C6 /* PagerCache.swift */; };
		A069982026CCA225006E74C6 /* MemoItem.swift in Sources */ = {isa = PBXBuildFile; fileRef = A069981F26CCA225006E74C6 /* MemoItem.swift */; };
		A069982226CCA231006E74C6 /* EmptyMemoItem.swift in Sources */ = {isa = PBXBuildFile; fileRef = A069982126CCA231006E74C6 /* EmptyMemoItem.swift */; };
		A069982526CCA5AD006E74C6 /* EditMemoView.swift in Sources */ = {isa = PBXBuildFile; fileRef = A069982426CCA5AD006E74C6 /* EditMemoView.swift */; };
		A069982726CCA5BD006E74C6 /* EditMemoViewModel.swift in Sources */ = {isa = PBXBuildFile; fileRef = A069982626CCA5BD006E74C6 /* EditMemoViewModel.swift */; };
		A069982926CCAB07006E74C6 /* FirestoreUpdateMemo.swift in Sources */ = {isa = PBXBuildFile; fileRef = A069982826CCAB07006E74C6 /* FirestoreUpdateMemo.swift */; };
		A069982B26CD0492006E74C6 /* Collection.swift in Sources */ = {isa = PBXBuildFile; fileRef = A069982A26CD0492006E74C6 /* Collection.swift */; };
		A069982D26CD050D006E74C6 /* CollectionRepository.swift in Sources */ = {isa = PBXBuildFile; fileRef = A069982C26CD050D006E74C6 /* CollectionRepository.swift */; };
		A069982F26CD052C006E74C6 /* CollectionRepositoryImpl.swift in Sources */ = {isa = PBXBuildFile; fileRef = A069982E26CD052C006E74C6 /* CollectionRepositoryImpl.swift */; };
		A069983126CD3158006E74C6 /* FirestoreGetCollection.swift in Sources */ = {isa = PBXBuildFile; fileRef = A069983026CD3158006E74C6 /* FirestoreGetCollection.swift */; };
		A069983326CDD85B006E74C6 /* BookShelfEmptyItem.swift in Sources */ = {isa = PBXBuildFile; fileRef = A069983226CDD85B006E74C6 /* BookShelfEmptyItem.swift */; };
		A07507C926C546260087AE5C /* HomeTabView.swift in Sources */ = {isa = PBXBuildFile; fileRef = A07507C826C546260087AE5C /* HomeTabView.swift */; };
		A07507CB26C546330087AE5C /* HomeTabViewModel.swift in Sources */ = {isa = PBXBuildFile; fileRef = A07507CA26C546330087AE5C /* HomeTabViewModel.swift */; };
		A07507CE26C5E2F40087AE5C /* GoogleService-Info-staging.plist in Resources */ = {isa = PBXBuildFile; fileRef = A07507CC26C5E2F40087AE5C /* GoogleService-Info-staging.plist */; };
		A07507CF26C5E2F40087AE5C /* GoogleService-Info-development.plist in Resources */ = {isa = PBXBuildFile; fileRef = A07507CD26C5E2F40087AE5C /* GoogleService-Info-development.plist */; };
		A07507DE26C5E53C0087AE5C /* AppDelegate.swift in Sources */ = {isa = PBXBuildFile; fileRef = A07507DD26C5E53C0087AE5C /* AppDelegate.swift */; };
		A082000826C1F5CF00100357 /* FusenApp.swift in Sources */ = {isa = PBXBuildFile; fileRef = A082000726C1F5CF00100357 /* FusenApp.swift */; };
		A082000C26C1F5D100100357 /* Assets.xcassets in Resources */ = {isa = PBXBuildFile; fileRef = A082000B26C1F5D100100357 /* Assets.xcassets */; };
		A082000F26C1F5D100100357 /* Preview Assets.xcassets in Resources */ = {isa = PBXBuildFile; fileRef = A082000E26C1F5D100100357 /* Preview Assets.xcassets */; };
		A082001926C1F5D100100357 /* fusenTests.swift in Sources */ = {isa = PBXBuildFile; fileRef = A082001826C1F5D100100357 /* fusenTests.swift */; };
		A082002326C1F5D100100357 /* fusenUITests.swift in Sources */ = {isa = PBXBuildFile; fileRef = A082002226C1F5D100100357 /* fusenUITests.swift */; };
		A0BA4CAF26C49BE100D99D8C /* ISBN.swift in Sources */ = {isa = PBXBuildFile; fileRef = A0BA4CAE26C49BE100D99D8C /* ISBN.swift */; };
		A0BA4CB226C4DDF100D99D8C /* ScanBarcodeView.swift in Sources */ = {isa = PBXBuildFile; fileRef = A0BA4CB126C4DDF100D99D8C /* ScanBarcodeView.swift */; };
		A0BA4CB426C4DDFA00D99D8C /* ScanBarcodeViewModel.swift in Sources */ = {isa = PBXBuildFile; fileRef = A0BA4CB326C4DDFA00D99D8C /* ScanBarcodeViewModel.swift */; };
		A0BA4CB626C4E07400D99D8C /* LazyView.swift in Sources */ = {isa = PBXBuildFile; fileRef = A0BA4CB526C4E07400D99D8C /* LazyView.swift */; };
		A0BA4CB826C4E34200D99D8C /* BarcodeCameraView.swift in Sources */ = {isa = PBXBuildFile; fileRef = A0BA4CB726C4E34200D99D8C /* BarcodeCameraView.swift */; };
		A0BA4CBA26C4E37E00D99D8C /* CameraPreview.swift in Sources */ = {isa = PBXBuildFile; fileRef = A0BA4CB926C4E37E00D99D8C /* CameraPreview.swift */; };
		F7BDF62C75CD8279F9805768 /* Pods_fusenTests.framework in Frameworks */ = {isa = PBXBuildFile; fileRef = 92BAA3A355C64643052F4562 /* Pods_fusenTests.framework */; };
		FAFA9C3195C337A6656292D4 /* Pods_fusen.framework in Frameworks */ = {isa = PBXBuildFile; fileRef = 0A120C1BA338A419E1C4AC1E /* Pods_fusen.framework */; };
/* End PBXBuildFile section */

/* Begin PBXContainerItemProxy section */
		A082001526C1F5D100100357 /* PBXContainerItemProxy */ = {
			isa = PBXContainerItemProxy;
			containerPortal = A082FFFC26C1F5CF00100357 /* Project object */;
			proxyType = 1;
			remoteGlobalIDString = A082000326C1F5CF00100357;
			remoteInfo = fusen;
		};
		A082001F26C1F5D100100357 /* PBXContainerItemProxy */ = {
			isa = PBXContainerItemProxy;
			containerPortal = A082FFFC26C1F5CF00100357 /* Project object */;
			proxyType = 1;
			remoteGlobalIDString = A082000326C1F5CF00100357;
			remoteInfo = fusen;
		};
/* End PBXContainerItemProxy section */

/* Begin PBXFileReference section */
		0A120C1BA338A419E1C4AC1E /* Pods_fusen.framework */ = {isa = PBXFileReference; explicitFileType = wrapper.framework; includeInIndex = 0; path = Pods_fusen.framework; sourceTree = BUILT_PRODUCTS_DIR; };
		0C3DED94C319492FE223FE79 /* Pods-fusen-fusenUITests.release.xcconfig */ = {isa = PBXFileReference; includeInIndex = 1; lastKnownFileType = text.xcconfig; name = "Pods-fusen-fusenUITests.release.xcconfig"; path = "Target Support Files/Pods-fusen-fusenUITests/Pods-fusen-fusenUITests.release.xcconfig"; sourceTree = "<group>"; };
		1DE0D1B8A96CA3FFE09EAAEA /* Pods-fusen.staging.xcconfig */ = {isa = PBXFileReference; includeInIndex = 1; lastKnownFileType = text.xcconfig; name = "Pods-fusen.staging.xcconfig"; path = "Target Support Files/Pods-fusen/Pods-fusen.staging.xcconfig"; sourceTree = "<group>"; };
		5B37FD8BE420D6FBA3462CCB /* Pods-fusenTests.staging.xcconfig */ = {isa = PBXFileReference; includeInIndex = 1; lastKnownFileType = text.xcconfig; name = "Pods-fusenTests.staging.xcconfig"; path = "Target Support Files/Pods-fusenTests/Pods-fusenTests.staging.xcconfig"; sourceTree = "<group>"; };
		68C9A2BDADA81FF3A49EEF8A /* Pods-fusen-fusenUITests.staging.xcconfig */ = {isa = PBXFileReference; includeInIndex = 1; lastKnownFileType = text.xcconfig; name = "Pods-fusen-fusenUITests.staging.xcconfig"; path = "Target Support Files/Pods-fusen-fusenUITests/Pods-fusen-fusenUITests.staging.xcconfig"; sourceTree = "<group>"; };
		6F5CBB77B19B6F9B80D8238A /* Pods-fusen.debug.xcconfig */ = {isa = PBXFileReference; includeInIndex = 1; lastKnownFileType = text.xcconfig; name = "Pods-fusen.debug.xcconfig"; path = "Target Support Files/Pods-fusen/Pods-fusen.debug.xcconfig"; sourceTree = "<group>"; };
		7A11FCA226CB45DF00F1A6BC /* NotificationExtension.swift */ = {isa = PBXFileReference; lastKnownFileType = sourcecode.swift; path = NotificationExtension.swift; sourceTree = "<group>"; };
		7A11FCA426CB467C00F1A6BC /* NotificationCenterExtension.swift */ = {isa = PBXFileReference; lastKnownFileType = sourcecode.swift; path = NotificationCenterExtension.swift; sourceTree = "<group>"; };
		7A11FCA726CB47E200F1A6BC /* SettingTabViewModel.swift */ = {isa = PBXFileReference; lastKnownFileType = sourcecode.swift; path = SettingTabViewModel.swift; sourceTree = "<group>"; };
		7A11FCA926CB47EA00F1A6BC /* SettingTabView.swift */ = {isa = PBXFileReference; lastKnownFileType = sourcecode.swift; path = SettingTabView.swift; sourceTree = "<group>"; };
		7A11FCAB26CB521B00F1A6BC /* SectionHeaderText.swift */ = {isa = PBXFileReference; lastKnownFileType = sourcecode.swift; path = SectionHeaderText.swift; sourceTree = "<group>"; };
		7A11FCAD26CB532700F1A6BC /* ShowAllText.swift */ = {isa = PBXFileReference; lastKnownFileType = sourcecode.swift; path = ShowAllText.swift; sourceTree = "<group>"; };
		7A11FCAF26CB537500F1A6BC /* LatestBookItem.swift */ = {isa = PBXFileReference; lastKnownFileType = sourcecode.swift; path = LatestBookItem.swift; sourceTree = "<group>"; };
		7A11FCB226CB57FE00F1A6BC /* ControlToolbar.swift */ = {isa = PBXFileReference; lastKnownFileType = sourcecode.swift; path = ControlToolbar.swift; sourceTree = "<group>"; };
		7A11FCB526CB5DD400F1A6BC /* AddMemoView.swift */ = {isa = PBXFileReference; lastKnownFileType = sourcecode.swift; path = AddMemoView.swift; sourceTree = "<group>"; };
		7A11FCB726CB5DDC00F1A6BC /* AddMemoViewModel.swift */ = {isa = PBXFileReference; lastKnownFileType = sourcecode.swift; path = AddMemoViewModel.swift; sourceTree = "<group>"; };
		7A11FCBC26CD3FC500F1A6BC /* BookListView.swift */ = {isa = PBXFileReference; lastKnownFileType = sourcecode.swift; path = BookListView.swift; sourceTree = "<group>"; };
		7A11FCBE26CD401800F1A6BC /* BookListViewModel.swift */ = {isa = PBXFileReference; lastKnownFileType = sourcecode.swift; path = BookListViewModel.swift; sourceTree = "<group>"; };
		7A11FCC026CD4B9D00F1A6BC /* BookShelfSection.swift */ = {isa = PBXFileReference; lastKnownFileType = sourcecode.swift; path = BookShelfSection.swift; sourceTree = "<group>"; };
		7A11FCC226CD4BAB00F1A6BC /* BookShelfSectionModel.swift */ = {isa = PBXFileReference; lastKnownFileType = sourcecode.swift; path = BookShelfSectionModel.swift; sourceTree = "<group>"; };
		7A33117F26CD692E00EB520D /* BookListItem.swift */ = {isa = PBXFileReference; lastKnownFileType = sourcecode.swift; path = BookListItem.swift; sourceTree = "<group>"; };
		7AD1610426C29EB500334A63 /* MainView.swift */ = {isa = PBXFileReference; lastKnownFileType = sourcecode.swift; path = MainView.swift; sourceTree = "<group>"; };
		7AD1610726C29ED300334A63 /* MainViewModel.swift */ = {isa = PBXFileReference; lastKnownFileType = sourcecode.swift; path = MainViewModel.swift; sourceTree = "<group>"; };
		7AD1610A26C29FE400334A63 /* ImageExtension.swift */ = {isa = PBXFileReference; lastKnownFileType = sourcecode.swift; path = ImageExtension.swift; sourceTree = "<group>"; };
		7AD1610D26C2A25A00334A63 /* BookShelfTabView.swift */ = {isa = PBXFileReference; lastKnownFileType = sourcecode.swift; path = BookShelfTabView.swift; sourceTree = "<group>"; };
		7AD1610F26C2A26300334A63 /* BookShelfTabViewModel.swift */ = {isa = PBXFileReference; lastKnownFileType = sourcecode.swift; path = BookShelfTabViewModel.swift; sourceTree = "<group>"; };
		7AD1611126C2A40000334A63 /* ColorExtension.swift */ = {isa = PBXFileReference; lastKnownFileType = sourcecode.swift; path = ColorExtension.swift; sourceTree = "<group>"; };
		7AD1611326C2A45500334A63 /* Colors.xcassets */ = {isa = PBXFileReference; lastKnownFileType = folder.assetcatalog; path = Colors.xcassets; sourceTree = "<group>"; };
		7AD1611526C2A6CE00334A63 /* FontExtension.swift */ = {isa = PBXFileReference; lastKnownFileType = sourcecode.swift; path = FontExtension.swift; sourceTree = "<group>"; };
		7AD1611726C2A8BC00334A63 /* UIColorExtension.swift */ = {isa = PBXFileReference; lastKnownFileType = sourcecode.swift; path = UIColorExtension.swift; sourceTree = "<group>"; };
		7B88CB3E534BCE0F944FD992 /* Pods-fusenTests.release.xcconfig */ = {isa = PBXFileReference; includeInIndex = 1; lastKnownFileType = text.xcconfig; name = "Pods-fusenTests.release.xcconfig"; path = "Target Support Files/Pods-fusenTests/Pods-fusenTests.release.xcconfig"; sourceTree = "<group>"; };
		92BAA3A355C64643052F4562 /* Pods_fusenTests.framework */ = {isa = PBXFileReference; explicitFileType = wrapper.framework; includeInIndex = 0; path = Pods_fusenTests.framework; sourceTree = BUILT_PRODUCTS_DIR; };
		983232E518C4EADBE80E78A4 /* Pods-fusen.release.xcconfig */ = {isa = PBXFileReference; includeInIndex = 1; lastKnownFileType = text.xcconfig; name = "Pods-fusen.release.xcconfig"; path = "Target Support Files/Pods-fusen/Pods-fusen.release.xcconfig"; sourceTree = "<group>"; };
		A001E02B26C943AF00AC92BA /* FirestoreCreateBook.swift */ = {isa = PBXFileReference; lastKnownFileType = sourcecode.swift; path = FirestoreCreateBook.swift; sourceTree = "<group>"; };
		A001E02D26C9477700AC92BA /* BookShelfItem.swift */ = {isa = PBXFileReference; lastKnownFileType = sourcecode.swift; path = BookShelfItem.swift; sourceTree = "<group>"; };
		A001E03026C9E62400AC92BA /* BookView.swift */ = {isa = PBXFileReference; lastKnownFileType = sourcecode.swift; path = BookView.swift; sourceTree = "<group>"; };
		A001E03226C9E62D00AC92BA /* BookViewModel.swift */ = {isa = PBXFileReference; lastKnownFileType = sourcecode.swift; path = BookViewModel.swift; sourceTree = "<group>"; };
		A001E03426C9F85B00AC92BA /* BookImageView.swift */ = {isa = PBXFileReference; lastKnownFileType = sourcecode.swift; path = BookImageView.swift; sourceTree = "<group>"; };
		A001E03626CA061B00AC92BA /* PlaceholderTextEditor.swift */ = {isa = PBXFileReference; lastKnownFileType = sourcecode.swift; path = PlaceholderTextEditor.swift; sourceTree = "<group>"; };
		A001E03826CA2CDE00AC92BA /* FirestoreUpdateBook.swift */ = {isa = PBXFileReference; lastKnownFileType = sourcecode.swift; path = FirestoreUpdateBook.swift; sourceTree = "<group>"; };
		A001E05426CBCA8A00AC92BA /* SaveButton.swift */ = {isa = PBXFileReference; lastKnownFileType = sourcecode.swift; path = SaveButton.swift; sourceTree = "<group>"; };
		A007C07626C7796600270671 /* TutorialView.swift */ = {isa = PBXFileReference; lastKnownFileType = sourcecode.swift; path = TutorialView.swift; sourceTree = "<group>"; };
		A007C07826C7797000270671 /* TutorialViewModel.swift */ = {isa = PBXFileReference; lastKnownFileType = sourcecode.swift; path = TutorialViewModel.swift; sourceTree = "<group>"; };
		A007C07B26C7805B00270671 /* AccountService.swift */ = {isa = PBXFileReference; lastKnownFileType = sourcecode.swift; path = AccountService.swift; sourceTree = "<group>"; };
		A007C07D26C78E5700270671 /* User.swift */ = {isa = PBXFileReference; lastKnownFileType = sourcecode.swift; path = User.swift; sourceTree = "<group>"; };
		A007C07F26C78E8500270671 /* ID.swift */ = {isa = PBXFileReference; lastKnownFileType = sourcecode.swift; path = ID.swift; sourceTree = "<group>"; };
		A007C08226C78FB400270671 /* Logger.swift */ = {isa = PBXFileReference; lastKnownFileType = sourcecode.swift; path = Logger.swift; sourceTree = "<group>"; };
		A007C08426C7AD9200270671 /* ToastView.swift */ = {isa = PBXFileReference; lastKnownFileType = sourcecode.swift; path = ToastView.swift; sourceTree = "<group>"; };
		A007C08626C7C91700270671 /* LoadingHUD.swift */ = {isa = PBXFileReference; lastKnownFileType = sourcecode.swift; name = LoadingHUD.swift; path = ../View/Component/LoadingHUD.swift; sourceTree = "<group>"; };
		A007C08826C7DABE00270671 /* BookRepository.swift */ = {isa = PBXFileReference; lastKnownFileType = sourcecode.swift; path = BookRepository.swift; sourceTree = "<group>"; };
		A007C08A26C7DACA00270671 /* BookRepositoryImpl.swift */ = {isa = PBXFileReference; lastKnownFileType = sourcecode.swift; path = BookRepositoryImpl.swift; sourceTree = "<group>"; };
		A007C08C26C7DB0E00270671 /* Book.swift */ = {isa = PBXFileReference; lastKnownFileType = sourcecode.swift; path = Book.swift; sourceTree = "<group>"; };
		A007C08F26C7EF9700270671 /* FirestoreExtension.swift */ = {isa = PBXFileReference; lastKnownFileType = sourcecode.swift; path = FirestoreExtension.swift; sourceTree = "<group>"; };
		A007C09126C83A7200270671 /* Pager.swift */ = {isa = PBXFileReference; lastKnownFileType = sourcecode.swift; path = Pager.swift; sourceTree = "<group>"; };
		A007C09426C8CAB600270671 /* FirestoreGetBook.swift */ = {isa = PBXFileReference; lastKnownFileType = sourcecode.swift; path = FirestoreGetBook.swift; sourceTree = "<group>"; };
		A052EABF26C3D7430033CE47 /* AddBookView.swift */ = {isa = PBXFileReference; lastKnownFileType = sourcecode.swift; path = AddBookView.swift; sourceTree = "<group>"; };
		A052EAC126C3D74C0033CE47 /* AddBookViewModel.swift */ = {isa = PBXFileReference; lastKnownFileType = sourcecode.swift; path = AddBookViewModel.swift; sourceTree = "<group>"; };
		A052EAC326C3E4140033CE47 /* CancelButton.swift */ = {isa = PBXFileReference; lastKnownFileType = sourcecode.swift; path = CancelButton.swift; sourceTree = "<group>"; };
		A052EAC526C3E4650033CE47 /* AddBookItem.swift */ = {isa = PBXFileReference; lastKnownFileType = sourcecode.swift; path = AddBookItem.swift; sourceTree = "<group>"; };
		A052EAC926C3F4E90033CE47 /* Publication.swift */ = {isa = PBXFileReference; lastKnownFileType = sourcecode.swift; name = Publication.swift; path = fusen/Domain/Entity/Publication.swift; sourceTree = SOURCE_ROOT; };
		A052EACB26C3F79B0033CE47 /* PublicationRepository.swift */ = {isa = PBXFileReference; lastKnownFileType = sourcecode.swift; path = PublicationRepository.swift; sourceTree = "<group>"; };
		A052EACF26C3F7F50033CE47 /* PublicationRepositoryImpl.swift */ = {isa = PBXFileReference; lastKnownFileType = sourcecode.swift; path = PublicationRepositoryImpl.swift; sourceTree = "<group>"; };
		A052EAD226C3F89E0033CE47 /* PublicationResponse.swift */ = {isa = PBXFileReference; lastKnownFileType = sourcecode.swift; path = PublicationResponse.swift; sourceTree = "<group>"; };
		A062C18826C5F33500C56E2A /* AppEnv.swift */ = {isa = PBXFileReference; lastKnownFileType = sourcecode.swift; path = AppEnv.swift; sourceTree = "<group>"; };
		A069981026CBE449006E74C6 /* MemoRepository.swift */ = {isa = PBXFileReference; lastKnownFileType = sourcecode.swift; path = MemoRepository.swift; sourceTree = "<group>"; };
		A069981226CBE47E006E74C6 /* Memo.swift */ = {isa = PBXFileReference; lastKnownFileType = sourcecode.swift; path = Memo.swift; sourceTree = "<group>"; };
		A069981426CBE6A0006E74C6 /* MemoRepositoryImpl.swift */ = {isa = PBXFileReference; lastKnownFileType = sourcecode.swift; path = MemoRepositoryImpl.swift; sourceTree = "<group>"; };
		A069981626CBE6FE006E74C6 /* FirestoreCreateMemo.swift */ = {isa = PBXFileReference; lastKnownFileType = sourcecode.swift; path = FirestoreCreateMemo.swift; sourceTree = "<group>"; };
		A069981926CC3774006E74C6 /* QueryExtension.swift */ = {isa = PBXFileReference; lastKnownFileType = sourcecode.swift; path = QueryExtension.swift; sourceTree = "<group>"; };
		A069981B26CC37BF006E74C6 /* FirestoreGetMemo.swift */ = {isa = PBXFileReference; lastKnownFileType = sourcecode.swift; path = FirestoreGetMemo.swift; sourceTree = "<group>"; };
		A069981D26CC3ECC006E74C6 /* PagerCache.swift */ = {isa = PBXFileReference; lastKnownFileType = sourcecode.swift; path = PagerCache.swift; sourceTree = "<group>"; };
		A069981F26CCA225006E74C6 /* MemoItem.swift */ = {isa = PBXFileReference; lastKnownFileType = sourcecode.swift; path = MemoItem.swift; sourceTree = "<group>"; };
		A069982126CCA231006E74C6 /* EmptyMemoItem.swift */ = {isa = PBXFileReference; lastKnownFileType = sourcecode.swift; path = EmptyMemoItem.swift; sourceTree = "<group>"; };
		A069982426CCA5AD006E74C6 /* EditMemoView.swift */ = {isa = PBXFileReference; lastKnownFileType = sourcecode.swift; path = EditMemoView.swift; sourceTree = "<group>"; };
		A069982626CCA5BD006E74C6 /* EditMemoViewModel.swift */ = {isa = PBXFileReference; lastKnownFileType = sourcecode.swift; path = EditMemoViewModel.swift; sourceTree = "<group>"; };
		A069982826CCAB07006E74C6 /* FirestoreUpdateMemo.swift */ = {isa = PBXFileReference; lastKnownFileType = sourcecode.swift; path = FirestoreUpdateMemo.swift; sourceTree = "<group>"; };
		A069982A26CD0492006E74C6 /* Collection.swift */ = {isa = PBXFileReference; lastKnownFileType = sourcecode.swift; path = Collection.swift; sourceTree = "<group>"; };
		A069982C26CD050D006E74C6 /* CollectionRepository.swift */ = {isa = PBXFileReference; lastKnownFileType = sourcecode.swift; path = CollectionRepository.swift; sourceTree = "<group>"; };
		A069982E26CD052C006E74C6 /* CollectionRepositoryImpl.swift */ = {isa = PBXFileReference; lastKnownFileType = sourcecode.swift; path = CollectionRepositoryImpl.swift; sourceTree = "<group>"; };
		A069983026CD3158006E74C6 /* FirestoreGetCollection.swift */ = {isa = PBXFileReference; lastKnownFileType = sourcecode.swift; path = FirestoreGetCollection.swift; sourceTree = "<group>"; };
		A069983226CDD85B006E74C6 /* BookShelfEmptyItem.swift */ = {isa = PBXFileReference; lastKnownFileType = sourcecode.swift; path = BookShelfEmptyItem.swift; sourceTree = "<group>"; };
		A07507C826C546260087AE5C /* HomeTabView.swift */ = {isa = PBXFileReference; lastKnownFileType = sourcecode.swift; path = HomeTabView.swift; sourceTree = "<group>"; };
		A07507CA26C546330087AE5C /* HomeTabViewModel.swift */ = {isa = PBXFileReference; lastKnownFileType = sourcecode.swift; path = HomeTabViewModel.swift; sourceTree = "<group>"; };
		A07507CC26C5E2F40087AE5C /* GoogleService-Info-staging.plist */ = {isa = PBXFileReference; fileEncoding = 4; lastKnownFileType = text.plist.xml; path = "GoogleService-Info-staging.plist"; sourceTree = "<group>"; };
		A07507CD26C5E2F40087AE5C /* GoogleService-Info-development.plist */ = {isa = PBXFileReference; fileEncoding = 4; lastKnownFileType = text.plist.xml; path = "GoogleService-Info-development.plist"; sourceTree = "<group>"; };
		A07507DD26C5E53C0087AE5C /* AppDelegate.swift */ = {isa = PBXFileReference; lastKnownFileType = sourcecode.swift; path = AppDelegate.swift; sourceTree = "<group>"; };
		A082000426C1F5CF00100357 /* fusen.app */ = {isa = PBXFileReference; explicitFileType = wrapper.application; includeInIndex = 0; path = fusen.app; sourceTree = BUILT_PRODUCTS_DIR; };
		A082000726C1F5CF00100357 /* FusenApp.swift */ = {isa = PBXFileReference; lastKnownFileType = sourcecode.swift; path = FusenApp.swift; sourceTree = "<group>"; };
		A082000B26C1F5D100100357 /* Assets.xcassets */ = {isa = PBXFileReference; lastKnownFileType = folder.assetcatalog; path = Assets.xcassets; sourceTree = "<group>"; };
		A082000E26C1F5D100100357 /* Preview Assets.xcassets */ = {isa = PBXFileReference; lastKnownFileType = folder.assetcatalog; path = "Preview Assets.xcassets"; sourceTree = "<group>"; };
		A082001426C1F5D100100357 /* fusenTests.xctest */ = {isa = PBXFileReference; explicitFileType = wrapper.cfbundle; includeInIndex = 0; path = fusenTests.xctest; sourceTree = BUILT_PRODUCTS_DIR; };
		A082001826C1F5D100100357 /* fusenTests.swift */ = {isa = PBXFileReference; lastKnownFileType = sourcecode.swift; path = fusenTests.swift; sourceTree = "<group>"; };
		A082001E26C1F5D100100357 /* fusenUITests.xctest */ = {isa = PBXFileReference; explicitFileType = wrapper.cfbundle; includeInIndex = 0; path = fusenUITests.xctest; sourceTree = BUILT_PRODUCTS_DIR; };
		A082002226C1F5D100100357 /* fusenUITests.swift */ = {isa = PBXFileReference; lastKnownFileType = sourcecode.swift; path = fusenUITests.swift; sourceTree = "<group>"; };
		A0BA4CAE26C49BE100D99D8C /* ISBN.swift */ = {isa = PBXFileReference; lastKnownFileType = sourcecode.swift; path = ISBN.swift; sourceTree = "<group>"; };
		A0BA4CB126C4DDF100D99D8C /* ScanBarcodeView.swift */ = {isa = PBXFileReference; lastKnownFileType = sourcecode.swift; path = ScanBarcodeView.swift; sourceTree = "<group>"; };
		A0BA4CB326C4DDFA00D99D8C /* ScanBarcodeViewModel.swift */ = {isa = PBXFileReference; lastKnownFileType = sourcecode.swift; path = ScanBarcodeViewModel.swift; sourceTree = "<group>"; };
		A0BA4CB526C4E07400D99D8C /* LazyView.swift */ = {isa = PBXFileReference; lastKnownFileType = sourcecode.swift; path = LazyView.swift; sourceTree = "<group>"; };
		A0BA4CB726C4E34200D99D8C /* BarcodeCameraView.swift */ = {isa = PBXFileReference; lastKnownFileType = sourcecode.swift; path = BarcodeCameraView.swift; sourceTree = "<group>"; };
		A0BA4CB926C4E37E00D99D8C /* CameraPreview.swift */ = {isa = PBXFileReference; lastKnownFileType = sourcecode.swift; path = CameraPreview.swift; sourceTree = "<group>"; };
		B9CE5958189153717B673230 /* Pods-fusen-fusenUITests.debug.xcconfig */ = {isa = PBXFileReference; includeInIndex = 1; lastKnownFileType = text.xcconfig; name = "Pods-fusen-fusenUITests.debug.xcconfig"; path = "Target Support Files/Pods-fusen-fusenUITests/Pods-fusen-fusenUITests.debug.xcconfig"; sourceTree = "<group>"; };
		BA1243C082F110680D93D45F /* Pods-fusenTests.debug.xcconfig */ = {isa = PBXFileReference; includeInIndex = 1; lastKnownFileType = text.xcconfig; name = "Pods-fusenTests.debug.xcconfig"; path = "Target Support Files/Pods-fusenTests/Pods-fusenTests.debug.xcconfig"; sourceTree = "<group>"; };
		DED65B63C22476AE8B5011AE /* Pods_fusen_fusenUITests.framework */ = {isa = PBXFileReference; explicitFileType = wrapper.framework; includeInIndex = 0; path = Pods_fusen_fusenUITests.framework; sourceTree = BUILT_PRODUCTS_DIR; };
/* End PBXFileReference section */

/* Begin PBXFrameworksBuildPhase section */
		A082000126C1F5CF00100357 /* Frameworks */ = {
			isa = PBXFrameworksBuildPhase;
			buildActionMask = 2147483647;
			files = (
				FAFA9C3195C337A6656292D4 /* Pods_fusen.framework in Frameworks */,
			);
			runOnlyForDeploymentPostprocessing = 0;
		};
		A082001126C1F5D100100357 /* Frameworks */ = {
			isa = PBXFrameworksBuildPhase;
			buildActionMask = 2147483647;
			files = (
				F7BDF62C75CD8279F9805768 /* Pods_fusenTests.framework in Frameworks */,
			);
			runOnlyForDeploymentPostprocessing = 0;
		};
		A082001B26C1F5D100100357 /* Frameworks */ = {
			isa = PBXFrameworksBuildPhase;
			buildActionMask = 2147483647;
			files = (
				6BD46DC1001EA7C1A9342435 /* Pods_fusen_fusenUITests.framework in Frameworks */,
			);
			runOnlyForDeploymentPostprocessing = 0;
		};
/* End PBXFrameworksBuildPhase section */

/* Begin PBXGroup section */
		1DC5271D3387DA61FAF6D795 /* Frameworks */ = {
			isa = PBXGroup;
			children = (
				0A120C1BA338A419E1C4AC1E /* Pods_fusen.framework */,
				DED65B63C22476AE8B5011AE /* Pods_fusen_fusenUITests.framework */,
				92BAA3A355C64643052F4562 /* Pods_fusenTests.framework */,
			);
			name = Frameworks;
			sourceTree = "<group>";
		};
		7A11FCA626CB47A600F1A6BC /* SettingTab */ = {
			isa = PBXGroup;
			children = (
				7A11FCA926CB47EA00F1A6BC /* SettingTabView.swift */,
				7A11FCA726CB47E200F1A6BC /* SettingTabViewModel.swift */,
			);
			path = SettingTab;
			sourceTree = "<group>";
		};
		7A11FCB426CB5DC500F1A6BC /* AddMemo */ = {
			isa = PBXGroup;
			children = (
				7A11FCB526CB5DD400F1A6BC /* AddMemoView.swift */,
				7A11FCB726CB5DDC00F1A6BC /* AddMemoViewModel.swift */,
			);
			path = AddMemo;
			sourceTree = "<group>";
		};
		7A11FCBB26CD3FB400F1A6BC /* BookList */ = {
			isa = PBXGroup;
			children = (
				7A11FCBC26CD3FC500F1A6BC /* BookListView.swift */,
				7A11FCBE26CD401800F1A6BC /* BookListViewModel.swift */,
				7A33117F26CD692E00EB520D /* BookListItem.swift */,
			);
			path = BookList;
			sourceTree = "<group>";
		};
		7AD160FF26C29CA800334A63 /* Application */ = {
			isa = PBXGroup;
			children = (
				A082000726C1F5CF00100357 /* FusenApp.swift */,
				A07507DD26C5E53C0087AE5C /* AppDelegate.swift */,
				A062C18826C5F33500C56E2A /* AppEnv.swift */,
				7AD1610326C29CE000334A63 /* Resource */,
				7AD1610226C29CCF00334A63 /* View */,
				A007C07A26C7804D00270671 /* Service */,
				A007C08126C78FA500270671 /* Utility */,
				7AD1610926C29FCA00334A63 /* Extension */,
			);
			path = Application;
			sourceTree = "<group>";
		};
		7AD1610026C29CB100334A63 /* Domain */ = {
			isa = PBXGroup;
			children = (
				A052EAC726C3F4C00033CE47 /* Entity */,
				A052EAC826C3F4C90033CE47 /* Repository */,
			);
			path = Domain;
			sourceTree = "<group>";
		};
		7AD1610126C29CB700334A63 /* Infra */ = {
			isa = PBXGroup;
			children = (
				A052EACD26C3F7C60033CE47 /* Repository */,
				A069981826CC3766006E74C6 /* Extension */,
			);
			path = Infra;
			sourceTree = "<group>";
		};
		7AD1610226C29CCF00334A63 /* View */ = {
			isa = PBXGroup;
			children = (
				7AD1610626C29EC600334A63 /* Main */,
				A007C07526C7795800270671 /* Tutorial */,
				A07507C726C546120087AE5C /* HomeTab */,
				7AD1610C26C2A1E900334A63 /* BookShelfTab */,
				7A11FCBB26CD3FB400F1A6BC /* BookList */,
				A001E02F26C9E61000AC92BA /* Book */,
				A052EABE26C3D71C0033CE47 /* AddBook */,
				A0BA4CB026C4DC2000D99D8C /* ScanBarcode */,
				7A11FCB426CB5DC500F1A6BC /* AddMemo */,
				A069982326CCA59A006E74C6 /* EditMemo */,
				7A11FCA626CB47A600F1A6BC /* SettingTab */,
				7AD1611926C2A93F00334A63 /* Component */,
			);
			path = View;
			sourceTree = "<group>";
		};
		7AD1610326C29CE000334A63 /* Resource */ = {
			isa = PBXGroup;
			children = (
				A07507CD26C5E2F40087AE5C /* GoogleService-Info-development.plist */,
				A07507CC26C5E2F40087AE5C /* GoogleService-Info-staging.plist */,
				A082000B26C1F5D100100357 /* Assets.xcassets */,
				7AD1611326C2A45500334A63 /* Colors.xcassets */,
			);
			path = Resource;
			sourceTree = "<group>";
		};
		7AD1610626C29EC600334A63 /* Main */ = {
			isa = PBXGroup;
			children = (
				7AD1610426C29EB500334A63 /* MainView.swift */,
				7AD1610726C29ED300334A63 /* MainViewModel.swift */,
			);
			path = Main;
			sourceTree = "<group>";
		};
		7AD1610926C29FCA00334A63 /* Extension */ = {
			isa = PBXGroup;
			children = (
				7AD1611126C2A40000334A63 /* ColorExtension.swift */,
				7AD1611526C2A6CE00334A63 /* FontExtension.swift */,
				7AD1610A26C29FE400334A63 /* ImageExtension.swift */,
				7AD1611726C2A8BC00334A63 /* UIColorExtension.swift */,
				7A11FCA226CB45DF00F1A6BC /* NotificationExtension.swift */,
				7A11FCA426CB467C00F1A6BC /* NotificationCenterExtension.swift */,
			);
			path = Extension;
			sourceTree = "<group>";
		};
		7AD1610C26C2A1E900334A63 /* BookShelfTab */ = {
			isa = PBXGroup;
			children = (
				7AD1610D26C2A25A00334A63 /* BookShelfTabView.swift */,
				7AD1610F26C2A26300334A63 /* BookShelfTabViewModel.swift */,
				7A11FCC026CD4B9D00F1A6BC /* BookShelfSection.swift */,
				7A11FCC226CD4BAB00F1A6BC /* BookShelfSectionModel.swift */,
				A001E02D26C9477700AC92BA /* BookShelfItem.swift */,
				A069983226CDD85B006E74C6 /* BookShelfEmptyItem.swift */,
			);
			path = BookShelfTab;
			sourceTree = "<group>";
		};
		7AD1611926C2A93F00334A63 /* Component */ = {
			isa = PBXGroup;
			children = (
				A001E05426CBCA8A00AC92BA /* SaveButton.swift */,
				A052EAC326C3E4140033CE47 /* CancelButton.swift */,
				A0BA4CB526C4E07400D99D8C /* LazyView.swift */,
				A007C08426C7AD9200270671 /* ToastView.swift */,
				A001E03426C9F85B00AC92BA /* BookImageView.swift */,
				A001E03626CA061B00AC92BA /* PlaceholderTextEditor.swift */,
				7A11FCAB26CB521B00F1A6BC /* SectionHeaderText.swift */,
				7A11FCAD26CB532700F1A6BC /* ShowAllText.swift */,
				7A11FCB226CB57FE00F1A6BC /* ControlToolbar.swift */,
			);
			path = Component;
			sourceTree = "<group>";
		};
		A001E02F26C9E61000AC92BA /* Book */ = {
			isa = PBXGroup;
			children = (
				A001E03026C9E62400AC92BA /* BookView.swift */,
				A001E03226C9E62D00AC92BA /* BookViewModel.swift */,
				A069981F26CCA225006E74C6 /* MemoItem.swift */,
				A069982126CCA231006E74C6 /* EmptyMemoItem.swift */,
			);
			path = Book;
			sourceTree = "<group>";
		};
		A007C07526C7795800270671 /* Tutorial */ = {
			isa = PBXGroup;
			children = (
				A007C07626C7796600270671 /* TutorialView.swift */,
				A007C07826C7797000270671 /* TutorialViewModel.swift */,
			);
			path = Tutorial;
			sourceTree = "<group>";
		};
		A007C07A26C7804D00270671 /* Service */ = {
			isa = PBXGroup;
			children = (
				A007C07B26C7805B00270671 /* AccountService.swift */,
			);
			path = Service;
			sourceTree = "<group>";
		};
		A007C08126C78FA500270671 /* Utility */ = {
			isa = PBXGroup;
			children = (
				A007C08226C78FB400270671 /* Logger.swift */,
				A007C08626C7C91700270671 /* LoadingHUD.swift */,
			);
			path = Utility;
			sourceTree = "<group>";
		};
		A007C09326C8CA9A00270671 /* Firestore */ = {
			isa = PBXGroup;
			children = (
				A007C09426C8CAB600270671 /* FirestoreGetBook.swift */,
				A001E02B26C943AF00AC92BA /* FirestoreCreateBook.swift */,
				A001E03826CA2CDE00AC92BA /* FirestoreUpdateBook.swift */,
				A069981B26CC37BF006E74C6 /* FirestoreGetMemo.swift */,
				A069981626CBE6FE006E74C6 /* FirestoreCreateMemo.swift */,
				A069982826CCAB07006E74C6 /* FirestoreUpdateMemo.swift */,
				A069983026CD3158006E74C6 /* FirestoreGetCollection.swift */,
			);
			path = Firestore;
			sourceTree = "<group>";
		};
		A052EABE26C3D71C0033CE47 /* AddBook */ = {
			isa = PBXGroup;
			children = (
				A052EABF26C3D7430033CE47 /* AddBookView.swift */,
				A052EAC126C3D74C0033CE47 /* AddBookViewModel.swift */,
				A052EAC526C3E4650033CE47 /* AddBookItem.swift */,
			);
			path = AddBook;
			sourceTree = "<group>";
		};
		A052EAC726C3F4C00033CE47 /* Entity */ = {
			isa = PBXGroup;
			children = (
				A007C07F26C78E8500270671 /* ID.swift */,
				A007C07D26C78E5700270671 /* User.swift */,
				A052EAC926C3F4E90033CE47 /* Publication.swift */,
				A0BA4CAE26C49BE100D99D8C /* ISBN.swift */,
				A007C08C26C7DB0E00270671 /* Book.swift */,
				A007C09126C83A7200270671 /* Pager.swift */,
				A069981226CBE47E006E74C6 /* Memo.swift */,
				A069982A26CD0492006E74C6 /* Collection.swift */,
			);
			path = Entity;
			sourceTree = "<group>";
		};
		A052EAC826C3F4C90033CE47 /* Repository */ = {
			isa = PBXGroup;
			children = (
				A052EACB26C3F79B0033CE47 /* PublicationRepository.swift */,
				A007C08826C7DABE00270671 /* BookRepository.swift */,
				A069981026CBE449006E74C6 /* MemoRepository.swift */,
				A069982C26CD050D006E74C6 /* CollectionRepository.swift */,
			);
			path = Repository;
			sourceTree = "<group>";
		};
		A052EACD26C3F7C60033CE47 /* Repository */ = {
			isa = PBXGroup;
			children = (
				A052EACF26C3F7F50033CE47 /* PublicationRepositoryImpl.swift */,
				A007C08A26C7DACA00270671 /* BookRepositoryImpl.swift */,
				A069981426CBE6A0006E74C6 /* MemoRepositoryImpl.swift */,
				A069982E26CD052C006E74C6 /* CollectionRepositoryImpl.swift */,
				A069981D26CC3ECC006E74C6 /* PagerCache.swift */,
				A052EAD126C3F8830033CE47 /* Response */,
				A007C09326C8CA9A00270671 /* Firestore */,
			);
			path = Repository;
			sourceTree = "<group>";
		};
		A052EAD126C3F8830033CE47 /* Response */ = {
			isa = PBXGroup;
			children = (
				A052EAD226C3F89E0033CE47 /* PublicationResponse.swift */,
			);
			path = Response;
			sourceTree = "<group>";
		};
		A069981826CC3766006E74C6 /* Extension */ = {
			isa = PBXGroup;
			children = (
				A007C08F26C7EF9700270671 /* FirestoreExtension.swift */,
				A069981926CC3774006E74C6 /* QueryExtension.swift */,
			);
			path = Extension;
			sourceTree = "<group>";
		};
		A069982326CCA59A006E74C6 /* EditMemo */ = {
			isa = PBXGroup;
			children = (
				A069982426CCA5AD006E74C6 /* EditMemoView.swift */,
				A069982626CCA5BD006E74C6 /* EditMemoViewModel.swift */,
			);
			path = EditMemo;
			sourceTree = "<group>";
		};
		A07507C726C546120087AE5C /* HomeTab */ = {
			isa = PBXGroup;
			children = (
				A07507C826C546260087AE5C /* HomeTabView.swift */,
				A07507CA26C546330087AE5C /* HomeTabViewModel.swift */,
				7A11FCAF26CB537500F1A6BC /* LatestBookItem.swift */,
			);
			path = HomeTab;
			sourceTree = "<group>";
		};
		A082000526C1F5CF00100357 /* Products */ = {
			isa = PBXGroup;
			children = (
				A082000426C1F5CF00100357 /* fusen.app */,
				A082001426C1F5D100100357 /* fusenTests.xctest */,
				A082001E26C1F5D100100357 /* fusenUITests.xctest */,
			);
			name = Products;
			sourceTree = "<group>";
		};
		A082000626C1F5CF00100357 /* fusen */ = {
			isa = PBXGroup;
			children = (
				7AD160FF26C29CA800334A63 /* Application */,
				7AD1610026C29CB100334A63 /* Domain */,
				7AD1610126C29CB700334A63 /* Infra */,
				A082000D26C1F5D100100357 /* Preview Content */,
			);
			path = fusen;
			sourceTree = "<group>";
		};
		A082000D26C1F5D100100357 /* Preview Content */ = {
			isa = PBXGroup;
			children = (
				A082000E26C1F5D100100357 /* Preview Assets.xcassets */,
			);
			path = "Preview Content";
			sourceTree = "<group>";
		};
		A082001726C1F5D100100357 /* fusenTests */ = {
			isa = PBXGroup;
			children = (
				A082001826C1F5D100100357 /* fusenTests.swift */,
			);
			path = fusenTests;
			sourceTree = "<group>";
		};
		A082002126C1F5D100100357 /* fusenUITests */ = {
			isa = PBXGroup;
			children = (
				A082002226C1F5D100100357 /* fusenUITests.swift */,
			);
			path = fusenUITests;
			sourceTree = "<group>";
		};
		A082FFFB26C1F5CF00100357 = {
			isa = PBXGroup;
			children = (
				A082000626C1F5CF00100357 /* fusen */,
				A082001726C1F5D100100357 /* fusenTests */,
				A082002126C1F5D100100357 /* fusenUITests */,
				A082000526C1F5CF00100357 /* Products */,
				E9F15947474F72C9A1C5E49C /* Pods */,
				1DC5271D3387DA61FAF6D795 /* Frameworks */,
			);
			sourceTree = "<group>";
		};
		A0BA4CB026C4DC2000D99D8C /* ScanBarcode */ = {
			isa = PBXGroup;
			children = (
				A0BA4CB126C4DDF100D99D8C /* ScanBarcodeView.swift */,
				A0BA4CB326C4DDFA00D99D8C /* ScanBarcodeViewModel.swift */,
				A0BA4CB726C4E34200D99D8C /* BarcodeCameraView.swift */,
				A0BA4CB926C4E37E00D99D8C /* CameraPreview.swift */,
			);
			path = ScanBarcode;
			sourceTree = "<group>";
		};
		E9F15947474F72C9A1C5E49C /* Pods */ = {
			isa = PBXGroup;
			children = (
				6F5CBB77B19B6F9B80D8238A /* Pods-fusen.debug.xcconfig */,
				983232E518C4EADBE80E78A4 /* Pods-fusen.release.xcconfig */,
				B9CE5958189153717B673230 /* Pods-fusen-fusenUITests.debug.xcconfig */,
				0C3DED94C319492FE223FE79 /* Pods-fusen-fusenUITests.release.xcconfig */,
				BA1243C082F110680D93D45F /* Pods-fusenTests.debug.xcconfig */,
				7B88CB3E534BCE0F944FD992 /* Pods-fusenTests.release.xcconfig */,
				1DE0D1B8A96CA3FFE09EAAEA /* Pods-fusen.staging.xcconfig */,
				68C9A2BDADA81FF3A49EEF8A /* Pods-fusen-fusenUITests.staging.xcconfig */,
				5B37FD8BE420D6FBA3462CCB /* Pods-fusenTests.staging.xcconfig */,
			);
			path = Pods;
			sourceTree = "<group>";
		};
/* End PBXGroup section */

/* Begin PBXNativeTarget section */
		A082000326C1F5CF00100357 /* fusen */ = {
			isa = PBXNativeTarget;
			buildConfigurationList = A082002626C1F5D100100357 /* Build configuration list for PBXNativeTarget "fusen" */;
			buildPhases = (
				25623AECADE0692A2D911115 /* [CP] Check Pods Manifest.lock */,
				A082000026C1F5CF00100357 /* Sources */,
				A082000126C1F5CF00100357 /* Frameworks */,
				A082000226C1F5CF00100357 /* Resources */,
				A082002F26C1F74300100357 /* SwiftLint */,
				0D502F6FD4CEAE7DA729E03E /* [CP] Embed Pods Frameworks */,
			);
			buildRules = (
			);
			dependencies = (
			);
			name = fusen;
			productName = fusen;
			productReference = A082000426C1F5CF00100357 /* fusen.app */;
			productType = "com.apple.product-type.application";
		};
		A082001326C1F5D100100357 /* fusenTests */ = {
			isa = PBXNativeTarget;
			buildConfigurationList = A082002926C1F5D100100357 /* Build configuration list for PBXNativeTarget "fusenTests" */;
			buildPhases = (
				2BCE61209A9156808DB11106 /* [CP] Check Pods Manifest.lock */,
				A082001026C1F5D100100357 /* Sources */,
				A082001126C1F5D100100357 /* Frameworks */,
				A082001226C1F5D100100357 /* Resources */,
			);
			buildRules = (
			);
			dependencies = (
				A082001626C1F5D100100357 /* PBXTargetDependency */,
			);
			name = fusenTests;
			productName = fusenTests;
			productReference = A082001426C1F5D100100357 /* fusenTests.xctest */;
			productType = "com.apple.product-type.bundle.unit-test";
		};
		A082001D26C1F5D100100357 /* fusenUITests */ = {
			isa = PBXNativeTarget;
			buildConfigurationList = A082002C26C1F5D100100357 /* Build configuration list for PBXNativeTarget "fusenUITests" */;
			buildPhases = (
				884C6163C5C3AF802E659C8A /* [CP] Check Pods Manifest.lock */,
				A082001A26C1F5D100100357 /* Sources */,
				A082001B26C1F5D100100357 /* Frameworks */,
				A082001C26C1F5D100100357 /* Resources */,
				5F8A750192022CB9C53CA88F /* [CP] Embed Pods Frameworks */,
			);
			buildRules = (
			);
			dependencies = (
				A082002026C1F5D100100357 /* PBXTargetDependency */,
			);
			name = fusenUITests;
			productName = fusenUITests;
			productReference = A082001E26C1F5D100100357 /* fusenUITests.xctest */;
			productType = "com.apple.product-type.bundle.ui-testing";
		};
/* End PBXNativeTarget section */

/* Begin PBXProject section */
		A082FFFC26C1F5CF00100357 /* Project object */ = {
			isa = PBXProject;
			attributes = {
				BuildIndependentTargetsInParallel = 1;
				LastSwiftUpdateCheck = 1300;
				LastUpgradeCheck = 1300;
				TargetAttributes = {
					A082000326C1F5CF00100357 = {
						CreatedOnToolsVersion = 13.0;
					};
					A082001326C1F5D100100357 = {
						CreatedOnToolsVersion = 13.0;
						TestTargetID = A082000326C1F5CF00100357;
					};
					A082001D26C1F5D100100357 = {
						CreatedOnToolsVersion = 13.0;
						TestTargetID = A082000326C1F5CF00100357;
					};
				};
			};
			buildConfigurationList = A082FFFF26C1F5CF00100357 /* Build configuration list for PBXProject "fusen" */;
			compatibilityVersion = "Xcode 13.0";
			developmentRegion = en;
			hasScannedForEncodings = 0;
			knownRegions = (
				en,
				Base,
			);
			mainGroup = A082FFFB26C1F5CF00100357;
			productRefGroup = A082000526C1F5CF00100357 /* Products */;
			projectDirPath = "";
			projectRoot = "";
			targets = (
				A082000326C1F5CF00100357 /* fusen */,
				A082001326C1F5D100100357 /* fusenTests */,
				A082001D26C1F5D100100357 /* fusenUITests */,
			);
		};
/* End PBXProject section */

/* Begin PBXResourcesBuildPhase section */
		A082000226C1F5CF00100357 /* Resources */ = {
			isa = PBXResourcesBuildPhase;
			buildActionMask = 2147483647;
			files = (
				7AD1611426C2A45600334A63 /* Colors.xcassets in Resources */,
				A082000F26C1F5D100100357 /* Preview Assets.xcassets in Resources */,
				A07507CF26C5E2F40087AE5C /* GoogleService-Info-development.plist in Resources */,
				A07507CE26C5E2F40087AE5C /* GoogleService-Info-staging.plist in Resources */,
				A082000C26C1F5D100100357 /* Assets.xcassets in Resources */,
			);
			runOnlyForDeploymentPostprocessing = 0;
		};
		A082001226C1F5D100100357 /* Resources */ = {
			isa = PBXResourcesBuildPhase;
			buildActionMask = 2147483647;
			files = (
			);
			runOnlyForDeploymentPostprocessing = 0;
		};
		A082001C26C1F5D100100357 /* Resources */ = {
			isa = PBXResourcesBuildPhase;
			buildActionMask = 2147483647;
			files = (
			);
			runOnlyForDeploymentPostprocessing = 0;
		};
/* End PBXResourcesBuildPhase section */

/* Begin PBXShellScriptBuildPhase section */
		0D502F6FD4CEAE7DA729E03E /* [CP] Embed Pods Frameworks */ = {
			isa = PBXShellScriptBuildPhase;
			buildActionMask = 2147483647;
			files = (
			);
			inputFileListPaths = (
				"${PODS_ROOT}/Target Support Files/Pods-fusen/Pods-fusen-frameworks-${CONFIGURATION}-input-files.xcfilelist",
			);
			name = "[CP] Embed Pods Frameworks";
			outputFileListPaths = (
				"${PODS_ROOT}/Target Support Files/Pods-fusen/Pods-fusen-frameworks-${CONFIGURATION}-output-files.xcfilelist",
			);
			runOnlyForDeploymentPostprocessing = 0;
			shellPath = /bin/sh;
			shellScript = "\"${PODS_ROOT}/Target Support Files/Pods-fusen/Pods-fusen-frameworks.sh\"\n";
			showEnvVarsInLog = 0;
		};
		25623AECADE0692A2D911115 /* [CP] Check Pods Manifest.lock */ = {
			isa = PBXShellScriptBuildPhase;
			buildActionMask = 2147483647;
			files = (
			);
			inputFileListPaths = (
			);
			inputPaths = (
				"${PODS_PODFILE_DIR_PATH}/Podfile.lock",
				"${PODS_ROOT}/Manifest.lock",
			);
			name = "[CP] Check Pods Manifest.lock";
			outputFileListPaths = (
			);
			outputPaths = (
				"$(DERIVED_FILE_DIR)/Pods-fusen-checkManifestLockResult.txt",
			);
			runOnlyForDeploymentPostprocessing = 0;
			shellPath = /bin/sh;
			shellScript = "diff \"${PODS_PODFILE_DIR_PATH}/Podfile.lock\" \"${PODS_ROOT}/Manifest.lock\" > /dev/null\nif [ $? != 0 ] ; then\n    # print error to STDERR\n    echo \"error: The sandbox is not in sync with the Podfile.lock. Run 'pod install' or update your CocoaPods installation.\" >&2\n    exit 1\nfi\n# This output is used by Xcode 'outputs' to avoid re-running this script phase.\necho \"SUCCESS\" > \"${SCRIPT_OUTPUT_FILE_0}\"\n";
			showEnvVarsInLog = 0;
		};
		2BCE61209A9156808DB11106 /* [CP] Check Pods Manifest.lock */ = {
			isa = PBXShellScriptBuildPhase;
			buildActionMask = 2147483647;
			files = (
			);
			inputFileListPaths = (
			);
			inputPaths = (
				"${PODS_PODFILE_DIR_PATH}/Podfile.lock",
				"${PODS_ROOT}/Manifest.lock",
			);
			name = "[CP] Check Pods Manifest.lock";
			outputFileListPaths = (
			);
			outputPaths = (
				"$(DERIVED_FILE_DIR)/Pods-fusenTests-checkManifestLockResult.txt",
			);
			runOnlyForDeploymentPostprocessing = 0;
			shellPath = /bin/sh;
			shellScript = "diff \"${PODS_PODFILE_DIR_PATH}/Podfile.lock\" \"${PODS_ROOT}/Manifest.lock\" > /dev/null\nif [ $? != 0 ] ; then\n    # print error to STDERR\n    echo \"error: The sandbox is not in sync with the Podfile.lock. Run 'pod install' or update your CocoaPods installation.\" >&2\n    exit 1\nfi\n# This output is used by Xcode 'outputs' to avoid re-running this script phase.\necho \"SUCCESS\" > \"${SCRIPT_OUTPUT_FILE_0}\"\n";
			showEnvVarsInLog = 0;
		};
		5F8A750192022CB9C53CA88F /* [CP] Embed Pods Frameworks */ = {
			isa = PBXShellScriptBuildPhase;
			buildActionMask = 2147483647;
			files = (
			);
			inputFileListPaths = (
				"${PODS_ROOT}/Target Support Files/Pods-fusen-fusenUITests/Pods-fusen-fusenUITests-frameworks-${CONFIGURATION}-input-files.xcfilelist",
			);
			name = "[CP] Embed Pods Frameworks";
			outputFileListPaths = (
				"${PODS_ROOT}/Target Support Files/Pods-fusen-fusenUITests/Pods-fusen-fusenUITests-frameworks-${CONFIGURATION}-output-files.xcfilelist",
			);
			runOnlyForDeploymentPostprocessing = 0;
			shellPath = /bin/sh;
			shellScript = "\"${PODS_ROOT}/Target Support Files/Pods-fusen-fusenUITests/Pods-fusen-fusenUITests-frameworks.sh\"\n";
			showEnvVarsInLog = 0;
		};
		884C6163C5C3AF802E659C8A /* [CP] Check Pods Manifest.lock */ = {
			isa = PBXShellScriptBuildPhase;
			buildActionMask = 2147483647;
			files = (
			);
			inputFileListPaths = (
			);
			inputPaths = (
				"${PODS_PODFILE_DIR_PATH}/Podfile.lock",
				"${PODS_ROOT}/Manifest.lock",
			);
			name = "[CP] Check Pods Manifest.lock";
			outputFileListPaths = (
			);
			outputPaths = (
				"$(DERIVED_FILE_DIR)/Pods-fusen-fusenUITests-checkManifestLockResult.txt",
			);
			runOnlyForDeploymentPostprocessing = 0;
			shellPath = /bin/sh;
			shellScript = "diff \"${PODS_PODFILE_DIR_PATH}/Podfile.lock\" \"${PODS_ROOT}/Manifest.lock\" > /dev/null\nif [ $? != 0 ] ; then\n    # print error to STDERR\n    echo \"error: The sandbox is not in sync with the Podfile.lock. Run 'pod install' or update your CocoaPods installation.\" >&2\n    exit 1\nfi\n# This output is used by Xcode 'outputs' to avoid re-running this script phase.\necho \"SUCCESS\" > \"${SCRIPT_OUTPUT_FILE_0}\"\n";
			showEnvVarsInLog = 0;
		};
		A082002F26C1F74300100357 /* SwiftLint */ = {
			isa = PBXShellScriptBuildPhase;
			buildActionMask = 2147483647;
			files = (
			);
			inputFileListPaths = (
			);
			inputPaths = (
			);
			name = SwiftLint;
			outputFileListPaths = (
			);
			outputPaths = (
			);
			runOnlyForDeploymentPostprocessing = 0;
			shellPath = /bin/sh;
			shellScript = "if which ${PODS_ROOT}/SwiftLint/swiftlint >/dev/null; then\n  ${PODS_ROOT}/SwiftLint/swiftlint\nelse\n  echo \"warning: SwiftLint not installed, download from https://github.com/realm/SwiftLint\"\nfi\n";
		};
/* End PBXShellScriptBuildPhase section */

/* Begin PBXSourcesBuildPhase section */
		A082000026C1F5CF00100357 /* Sources */ = {
			isa = PBXSourcesBuildPhase;
			buildActionMask = 2147483647;
			files = (
				A052EACC26C3F79B0033CE47 /* PublicationRepository.swift in Sources */,
				7A11FCAA26CB47EA00F1A6BC /* SettingTabView.swift in Sources */,
				A069981A26CC3774006E74C6 /* QueryExtension.swift in Sources */,
				7A33118026CD692E00EB520D /* BookListItem.swift in Sources */,
				7AD1610826C29ED300334A63 /* MainViewModel.swift in Sources */,
				A07507C926C546260087AE5C /* HomeTabView.swift in Sources */,
				A069983326CDD85B006E74C6 /* BookShelfEmptyItem.swift in Sources */,
				7A11FCA826CB47E200F1A6BC /* SettingTabViewModel.swift in Sources */,
				7A11FCB626CB5DD400F1A6BC /* AddMemoView.swift in Sources */,
				A052EAC226C3D74C0033CE47 /* AddBookViewModel.swift in Sources */,
				A069982726CCA5BD006E74C6 /* EditMemoViewModel.swift in Sources */,
				A007C07E26C78E5700270671 /* User.swift in Sources */,
				A007C07726C7796600270671 /* TutorialView.swift in Sources */,
				A069983126CD3158006E74C6 /* FirestoreGetCollection.swift in Sources */,
				A069982226CCA231006E74C6 /* EmptyMemoItem.swift in Sources */,
				A082000826C1F5CF00100357 /* FusenApp.swift in Sources */,
				A001E03526C9F85B00AC92BA /* BookImageView.swift in Sources */,
				7AD1611626C2A6CE00334A63 /* FontExtension.swift in Sources */,
				A052EAC426C3E4140033CE47 /* CancelButton.swift in Sources */,
				A069981126CBE449006E74C6 /* MemoRepository.swift in Sources */,
				A001E02E26C9477700AC92BA /* BookShelfItem.swift in Sources */,
				A069981E26CC3ECC006E74C6 /* PagerCache.swift in Sources */,
				A001E03926CA2CDE00AC92BA /* FirestoreUpdateBook.swift in Sources */,
				A052EACA26C3F4E90033CE47 /* Publication.swift in Sources */,
				A007C08D26C7DB0E00270671 /* Book.swift in Sources */,
				7A11FCBF26CD401800F1A6BC /* BookListViewModel.swift in Sources */,
				A0BA4CB226C4DDF100D99D8C /* ScanBarcodeView.swift in Sources */,
				A0BA4CBA26C4E37E00D99D8C /* CameraPreview.swift in Sources */,
				A001E05526CBCA8A00AC92BA /* SaveButton.swift in Sources */,
				7AD1611026C2A26300334A63 /* BookShelfTabViewModel.swift in Sources */,
				A007C07C26C7805B00270671 /* AccountService.swift in Sources */,
				7AD1610526C29EB500334A63 /* MainView.swift in Sources */,
				7AD1611826C2A8BC00334A63 /* UIColorExtension.swift in Sources */,
				A007C09026C7EF9700270671 /* FirestoreExtension.swift in Sources */,
				7A11FCA526CB467C00F1A6BC /* NotificationCenterExtension.swift in Sources */,
				7A11FCC126CD4B9D00F1A6BC /* BookShelfSection.swift in Sources */,
				A001E03726CA061B00AC92BA /* PlaceholderTextEditor.swift in Sources */,
				A0BA4CB426C4DDFA00D99D8C /* ScanBarcodeViewModel.swift in Sources */,
				A007C07926C7797000270671 /* TutorialViewModel.swift in Sources */,
				A001E03126C9E62400AC92BA /* BookView.swift in Sources */,
				A069982D26CD050D006E74C6 /* CollectionRepository.swift in Sources */,
				A052EAD326C3F89E0033CE47 /* PublicationResponse.swift in Sources */,
				7A11FCB026CB537500F1A6BC /* LatestBookItem.swift in Sources */,
				A0BA4CB826C4E34200D99D8C /* BarcodeCameraView.swift in Sources */,
				A069982F26CD052C006E74C6 /* CollectionRepositoryImpl.swift in Sources */,
				A062C18926C5F33500C56E2A /* AppEnv.swift in Sources */,
				7A11FCAC26CB521B00F1A6BC /* SectionHeaderText.swift in Sources */,
				A052EAC626C3E4650033CE47 /* AddBookItem.swift in Sources */,
				7A11FCA326CB45DF00F1A6BC /* NotificationExtension.swift in Sources */,
				7A11FCB826CB5DDC00F1A6BC /* AddMemoViewModel.swift in Sources */,
				A069981526CBE6A0006E74C6 /* MemoRepositoryImpl.swift in Sources */,
				A007C08026C78E8500270671 /* ID.swift in Sources */,
				A069981C26CC37BF006E74C6 /* FirestoreGetMemo.swift in Sources */,
				A069982526CCA5AD006E74C6 /* EditMemoView.swift in Sources */,
				A007C08926C7DABE00270671 /* BookRepository.swift in Sources */,
				7A11FCAE26CB532700F1A6BC /* ShowAllText.swift in Sources */,
				A0BA4CAF26C49BE100D99D8C /* ISBN.swift in Sources */,
				A007C08B26C7DACA00270671 /* BookRepositoryImpl.swift in Sources */,
				7A11FCC326CD4BAB00F1A6BC /* BookShelfSectionModel.swift in Sources */,
				A007C08326C78FB400270671 /* Logger.swift in Sources */,
				A007C09526C8CAB700270671 /* FirestoreGetBook.swift in Sources */,
				A052EAD026C3F7F50033CE47 /* PublicationRepositoryImpl.swift in Sources */,
				A052EAC026C3D7430033CE47 /* AddBookView.swift in Sources */,
				A069982926CCAB07006E74C6 /* FirestoreUpdateMemo.swift in Sources */,
				A07507DE26C5E53C0087AE5C /* AppDelegate.swift in Sources */,
				7A11FCB326CB57FE00F1A6BC /* ControlToolbar.swift in Sources */,
				A001E03326C9E62D00AC92BA /* BookViewModel.swift in Sources */,
				A007C08526C7AD9200270671 /* ToastView.swift in Sources */,
				A069982026CCA225006E74C6 /* MemoItem.swift in Sources */,
				A069981326CBE47E006E74C6 /* Memo.swift in Sources */,
				A0BA4CB626C4E07400D99D8C /* LazyView.swift in Sources */,
				7A11FCBD26CD3FC500F1A6BC /* BookListView.swift in Sources */,
				A069982B26CD0492006E74C6 /* Collection.swift in Sources */,
				7AD1610E26C2A25A00334A63 /* BookShelfTabView.swift in Sources */,
				A07507CB26C546330087AE5C /* HomeTabViewModel.swift in Sources */,
				A001E02C26C943AF00AC92BA /* FirestoreCreateBook.swift in Sources */,
				7AD1611226C2A40000334A63 /* ColorExtension.swift in Sources */,
				A007C08726C7C91700270671 /* LoadingHUD.swift in Sources */,
				A069981726CBE6FE006E74C6 /* FirestoreCreateMemo.swift in Sources */,
				A007C09226C83A7200270671 /* Pager.swift in Sources */,
				7AD1610B26C29FE400334A63 /* ImageExtension.swift in Sources */,
			);
			runOnlyForDeploymentPostprocessing = 0;
		};
		A082001026C1F5D100100357 /* Sources */ = {
			isa = PBXSourcesBuildPhase;
			buildActionMask = 2147483647;
			files = (
				A082001926C1F5D100100357 /* fusenTests.swift in Sources */,
			);
			runOnlyForDeploymentPostprocessing = 0;
		};
		A082001A26C1F5D100100357 /* Sources */ = {
			isa = PBXSourcesBuildPhase;
			buildActionMask = 2147483647;
			files = (
				A082002326C1F5D100100357 /* fusenUITests.swift in Sources */,
			);
			runOnlyForDeploymentPostprocessing = 0;
		};
/* End PBXSourcesBuildPhase section */

/* Begin PBXTargetDependency section */
		A082001626C1F5D100100357 /* PBXTargetDependency */ = {
			isa = PBXTargetDependency;
			target = A082000326C1F5CF00100357 /* fusen */;
			targetProxy = A082001526C1F5D100100357 /* PBXContainerItemProxy */;
		};
		A082002026C1F5D100100357 /* PBXTargetDependency */ = {
			isa = PBXTargetDependency;
			target = A082000326C1F5CF00100357 /* fusen */;
			targetProxy = A082001F26C1F5D100100357 /* PBXContainerItemProxy */;
		};
/* End PBXTargetDependency section */

/* Begin XCBuildConfiguration section */
		A07507DF26C5E79F0087AE5C /* Staging */ = {
			isa = XCBuildConfiguration;
			buildSettings = {
				ALWAYS_SEARCH_USER_PATHS = NO;
				CLANG_ANALYZER_NONNULL = YES;
				CLANG_ANALYZER_NUMBER_OBJECT_CONVERSION = YES_AGGRESSIVE;
				CLANG_CXX_LANGUAGE_STANDARD = "gnu++17";
				CLANG_CXX_LIBRARY = "libc++";
				CLANG_ENABLE_MODULES = YES;
				CLANG_ENABLE_OBJC_ARC = YES;
				CLANG_ENABLE_OBJC_WEAK = YES;
				CLANG_WARN_BLOCK_CAPTURE_AUTORELEASING = YES;
				CLANG_WARN_BOOL_CONVERSION = YES;
				CLANG_WARN_COMMA = YES;
				CLANG_WARN_CONSTANT_CONVERSION = YES;
				CLANG_WARN_DEPRECATED_OBJC_IMPLEMENTATIONS = YES;
				CLANG_WARN_DIRECT_OBJC_ISA_USAGE = YES_ERROR;
				CLANG_WARN_DOCUMENTATION_COMMENTS = YES;
				CLANG_WARN_EMPTY_BODY = YES;
				CLANG_WARN_ENUM_CONVERSION = YES;
				CLANG_WARN_INFINITE_RECURSION = YES;
				CLANG_WARN_INT_CONVERSION = YES;
				CLANG_WARN_NON_LITERAL_NULL_CONVERSION = YES;
				CLANG_WARN_OBJC_IMPLICIT_RETAIN_SELF = YES;
				CLANG_WARN_OBJC_LITERAL_CONVERSION = YES;
				CLANG_WARN_OBJC_ROOT_CLASS = YES_ERROR;
				CLANG_WARN_QUOTED_INCLUDE_IN_FRAMEWORK_HEADER = YES;
				CLANG_WARN_RANGE_LOOP_ANALYSIS = YES;
				CLANG_WARN_STRICT_PROTOTYPES = YES;
				CLANG_WARN_SUSPICIOUS_MOVE = YES;
				CLANG_WARN_UNGUARDED_AVAILABILITY = YES_AGGRESSIVE;
				CLANG_WARN_UNREACHABLE_CODE = YES;
				CLANG_WARN__DUPLICATE_METHOD_MATCH = YES;
				COPY_PHASE_STRIP = NO;
				DEBUG_INFORMATION_FORMAT = dwarf;
				ENABLE_STRICT_OBJC_MSGSEND = YES;
				ENABLE_TESTABILITY = YES;
				GCC_C_LANGUAGE_STANDARD = gnu11;
				GCC_DYNAMIC_NO_PIC = NO;
				GCC_NO_COMMON_BLOCKS = YES;
				GCC_OPTIMIZATION_LEVEL = 0;
				GCC_PREPROCESSOR_DEFINITIONS = (
					"DEBUG=1",
					"$(inherited)",
				);
				GCC_WARN_64_TO_32_BIT_CONVERSION = YES;
				GCC_WARN_ABOUT_RETURN_TYPE = YES_ERROR;
				GCC_WARN_UNDECLARED_SELECTOR = YES;
				GCC_WARN_UNINITIALIZED_AUTOS = YES_AGGRESSIVE;
				GCC_WARN_UNUSED_FUNCTION = YES;
				GCC_WARN_UNUSED_VARIABLE = YES;
				IPHONEOS_DEPLOYMENT_TARGET = 15.0;
				MTL_ENABLE_DEBUG_INFO = INCLUDE_SOURCE;
				MTL_FAST_MATH = YES;
				ONLY_ACTIVE_ARCH = YES;
				SDKROOT = iphoneos;
				SWIFT_ACTIVE_COMPILATION_CONDITIONS = DEBUG;
				SWIFT_OPTIMIZATION_LEVEL = "-Onone";
			};
			name = Staging;
		};
		A07507E026C5E79F0087AE5C /* Staging */ = {
			isa = XCBuildConfiguration;
			baseConfigurationReference = 1DE0D1B8A96CA3FFE09EAAEA /* Pods-fusen.staging.xcconfig */;
			buildSettings = {
				ASSETCATALOG_COMPILER_APPICON_NAME = AppIcon;
				ASSETCATALOG_COMPILER_GLOBAL_ACCENT_COLOR_NAME = AccentColor;
				CODE_SIGN_STYLE = Automatic;
				CURRENT_PROJECT_VERSION = 1;
				DEVELOPMENT_ASSET_PATHS = "\"fusen/Preview Content\"";
				DEVELOPMENT_TEAM = MYDHT92MBT;
				ENABLE_PREVIEWS = YES;
				GENERATE_INFOPLIST_FILE = YES;
				INFOPLIST_KEY_UIApplicationSceneManifest_Generation = YES;
				INFOPLIST_KEY_UIApplicationSupportsIndirectInputEvents = YES;
				INFOPLIST_KEY_UILaunchScreen_Generation = YES;
				INFOPLIST_KEY_UISupportedInterfaceOrientations_iPad = "UIInterfaceOrientationPortrait UIInterfaceOrientationPortraitUpsideDown UIInterfaceOrientationLandscapeLeft UIInterfaceOrientationLandscapeRight";
				INFOPLIST_KEY_UISupportedInterfaceOrientations_iPhone = "UIInterfaceOrientationPortrait UIInterfaceOrientationLandscapeLeft UIInterfaceOrientationLandscapeRight";
				IPHONEOS_DEPLOYMENT_TARGET = 15.0;
				LD_RUNPATH_SEARCH_PATHS = (
					"$(inherited)",
					"@executable_path/Frameworks",
				);
				MARKETING_VERSION = 1.0;
				OTHER_SWIFT_FLAGS = "$(inherited) -D COCOAPODS -D STAGING";
				PRODUCT_BUNDLE_IDENTIFIER = com.example.fusen;
				PRODUCT_NAME = "$(TARGET_NAME)";
				SWIFT_ACTIVE_COMPILATION_CONDITIONS = "";
				SWIFT_EMIT_LOC_STRINGS = YES;
				SWIFT_VERSION = 5.0;
				TARGETED_DEVICE_FAMILY = "1,2";
			};
			name = Staging;
		};
		A07507E126C5E79F0087AE5C /* Staging */ = {
			isa = XCBuildConfiguration;
			baseConfigurationReference = 5B37FD8BE420D6FBA3462CCB /* Pods-fusenTests.staging.xcconfig */;
			buildSettings = {
				ALWAYS_EMBED_SWIFT_STANDARD_LIBRARIES = YES;
				BUNDLE_LOADER = "$(TEST_HOST)";
				CODE_SIGN_STYLE = Automatic;
				CURRENT_PROJECT_VERSION = 1;
				DEVELOPMENT_TEAM = MYDHT92MBT;
				GENERATE_INFOPLIST_FILE = YES;
				IPHONEOS_DEPLOYMENT_TARGET = 15.0;
				LD_RUNPATH_SEARCH_PATHS = (
					"$(inherited)",
					"@executable_path/Frameworks",
					"@loader_path/Frameworks",
				);
				MARKETING_VERSION = 1.0;
				PRODUCT_BUNDLE_IDENTIFIER = com.example.fusenTests;
				PRODUCT_NAME = "$(TARGET_NAME)";
				SWIFT_EMIT_LOC_STRINGS = NO;
				SWIFT_VERSION = 5.0;
				TARGETED_DEVICE_FAMILY = "1,2";
				TEST_HOST = "$(BUILT_PRODUCTS_DIR)/fusen.app/fusen";
			};
			name = Staging;
		};
		A07507E226C5E79F0087AE5C /* Staging */ = {
			isa = XCBuildConfiguration;
			baseConfigurationReference = 68C9A2BDADA81FF3A49EEF8A /* Pods-fusen-fusenUITests.staging.xcconfig */;
			buildSettings = {
				ALWAYS_EMBED_SWIFT_STANDARD_LIBRARIES = YES;
				CODE_SIGN_STYLE = Automatic;
				CURRENT_PROJECT_VERSION = 1;
				DEVELOPMENT_TEAM = MYDHT92MBT;
				GENERATE_INFOPLIST_FILE = YES;
				LD_RUNPATH_SEARCH_PATHS = (
					"$(inherited)",
					"@executable_path/Frameworks",
					"@loader_path/Frameworks",
				);
				MARKETING_VERSION = 1.0;
				PRODUCT_BUNDLE_IDENTIFIER = com.example.fusenUITests;
				PRODUCT_NAME = "$(TARGET_NAME)";
				SWIFT_EMIT_LOC_STRINGS = NO;
				SWIFT_VERSION = 5.0;
				TARGETED_DEVICE_FAMILY = "1,2";
				TEST_TARGET_NAME = fusen;
			};
			name = Staging;
		};
		A082002426C1F5D100100357 /* Debug */ = {
			isa = XCBuildConfiguration;
			buildSettings = {
				ALWAYS_SEARCH_USER_PATHS = NO;
				CLANG_ANALYZER_NONNULL = YES;
				CLANG_ANALYZER_NUMBER_OBJECT_CONVERSION = YES_AGGRESSIVE;
				CLANG_CXX_LANGUAGE_STANDARD = "gnu++17";
				CLANG_CXX_LIBRARY = "libc++";
				CLANG_ENABLE_MODULES = YES;
				CLANG_ENABLE_OBJC_ARC = YES;
				CLANG_ENABLE_OBJC_WEAK = YES;
				CLANG_WARN_BLOCK_CAPTURE_AUTORELEASING = YES;
				CLANG_WARN_BOOL_CONVERSION = YES;
				CLANG_WARN_COMMA = YES;
				CLANG_WARN_CONSTANT_CONVERSION = YES;
				CLANG_WARN_DEPRECATED_OBJC_IMPLEMENTATIONS = YES;
				CLANG_WARN_DIRECT_OBJC_ISA_USAGE = YES_ERROR;
				CLANG_WARN_DOCUMENTATION_COMMENTS = YES;
				CLANG_WARN_EMPTY_BODY = YES;
				CLANG_WARN_ENUM_CONVERSION = YES;
				CLANG_WARN_INFINITE_RECURSION = YES;
				CLANG_WARN_INT_CONVERSION = YES;
				CLANG_WARN_NON_LITERAL_NULL_CONVERSION = YES;
				CLANG_WARN_OBJC_IMPLICIT_RETAIN_SELF = YES;
				CLANG_WARN_OBJC_LITERAL_CONVERSION = YES;
				CLANG_WARN_OBJC_ROOT_CLASS = YES_ERROR;
				CLANG_WARN_QUOTED_INCLUDE_IN_FRAMEWORK_HEADER = YES;
				CLANG_WARN_RANGE_LOOP_ANALYSIS = YES;
				CLANG_WARN_STRICT_PROTOTYPES = YES;
				CLANG_WARN_SUSPICIOUS_MOVE = YES;
				CLANG_WARN_UNGUARDED_AVAILABILITY = YES_AGGRESSIVE;
				CLANG_WARN_UNREACHABLE_CODE = YES;
				CLANG_WARN__DUPLICATE_METHOD_MATCH = YES;
				COPY_PHASE_STRIP = NO;
				DEBUG_INFORMATION_FORMAT = dwarf;
				ENABLE_STRICT_OBJC_MSGSEND = YES;
				ENABLE_TESTABILITY = YES;
				GCC_C_LANGUAGE_STANDARD = gnu11;
				GCC_DYNAMIC_NO_PIC = NO;
				GCC_NO_COMMON_BLOCKS = YES;
				GCC_OPTIMIZATION_LEVEL = 0;
				GCC_PREPROCESSOR_DEFINITIONS = (
					"DEBUG=1",
					"$(inherited)",
				);
				GCC_WARN_64_TO_32_BIT_CONVERSION = YES;
				GCC_WARN_ABOUT_RETURN_TYPE = YES_ERROR;
				GCC_WARN_UNDECLARED_SELECTOR = YES;
				GCC_WARN_UNINITIALIZED_AUTOS = YES_AGGRESSIVE;
				GCC_WARN_UNUSED_FUNCTION = YES;
				GCC_WARN_UNUSED_VARIABLE = YES;
				IPHONEOS_DEPLOYMENT_TARGET = 15.0;
				MTL_ENABLE_DEBUG_INFO = INCLUDE_SOURCE;
				MTL_FAST_MATH = YES;
				ONLY_ACTIVE_ARCH = YES;
				SDKROOT = iphoneos;
				SWIFT_ACTIVE_COMPILATION_CONDITIONS = DEBUG;
				SWIFT_OPTIMIZATION_LEVEL = "-Onone";
			};
			name = Debug;
		};
		A082002526C1F5D100100357 /* Release */ = {
			isa = XCBuildConfiguration;
			buildSettings = {
				ALWAYS_SEARCH_USER_PATHS = NO;
				CLANG_ANALYZER_NONNULL = YES;
				CLANG_ANALYZER_NUMBER_OBJECT_CONVERSION = YES_AGGRESSIVE;
				CLANG_CXX_LANGUAGE_STANDARD = "gnu++17";
				CLANG_CXX_LIBRARY = "libc++";
				CLANG_ENABLE_MODULES = YES;
				CLANG_ENABLE_OBJC_ARC = YES;
				CLANG_ENABLE_OBJC_WEAK = YES;
				CLANG_WARN_BLOCK_CAPTURE_AUTORELEASING = YES;
				CLANG_WARN_BOOL_CONVERSION = YES;
				CLANG_WARN_COMMA = YES;
				CLANG_WARN_CONSTANT_CONVERSION = YES;
				CLANG_WARN_DEPRECATED_OBJC_IMPLEMENTATIONS = YES;
				CLANG_WARN_DIRECT_OBJC_ISA_USAGE = YES_ERROR;
				CLANG_WARN_DOCUMENTATION_COMMENTS = YES;
				CLANG_WARN_EMPTY_BODY = YES;
				CLANG_WARN_ENUM_CONVERSION = YES;
				CLANG_WARN_INFINITE_RECURSION = YES;
				CLANG_WARN_INT_CONVERSION = YES;
				CLANG_WARN_NON_LITERAL_NULL_CONVERSION = YES;
				CLANG_WARN_OBJC_IMPLICIT_RETAIN_SELF = YES;
				CLANG_WARN_OBJC_LITERAL_CONVERSION = YES;
				CLANG_WARN_OBJC_ROOT_CLASS = YES_ERROR;
				CLANG_WARN_QUOTED_INCLUDE_IN_FRAMEWORK_HEADER = YES;
				CLANG_WARN_RANGE_LOOP_ANALYSIS = YES;
				CLANG_WARN_STRICT_PROTOTYPES = YES;
				CLANG_WARN_SUSPICIOUS_MOVE = YES;
				CLANG_WARN_UNGUARDED_AVAILABILITY = YES_AGGRESSIVE;
				CLANG_WARN_UNREACHABLE_CODE = YES;
				CLANG_WARN__DUPLICATE_METHOD_MATCH = YES;
				COPY_PHASE_STRIP = NO;
				DEBUG_INFORMATION_FORMAT = "dwarf-with-dsym";
				ENABLE_NS_ASSERTIONS = NO;
				ENABLE_STRICT_OBJC_MSGSEND = YES;
				GCC_C_LANGUAGE_STANDARD = gnu11;
				GCC_NO_COMMON_BLOCKS = YES;
				GCC_WARN_64_TO_32_BIT_CONVERSION = YES;
				GCC_WARN_ABOUT_RETURN_TYPE = YES_ERROR;
				GCC_WARN_UNDECLARED_SELECTOR = YES;
				GCC_WARN_UNINITIALIZED_AUTOS = YES_AGGRESSIVE;
				GCC_WARN_UNUSED_FUNCTION = YES;
				GCC_WARN_UNUSED_VARIABLE = YES;
				IPHONEOS_DEPLOYMENT_TARGET = 15.0;
				MTL_ENABLE_DEBUG_INFO = NO;
				MTL_FAST_MATH = YES;
				SDKROOT = iphoneos;
				SWIFT_COMPILATION_MODE = wholemodule;
				SWIFT_OPTIMIZATION_LEVEL = "-O";
				VALIDATE_PRODUCT = YES;
			};
			name = Release;
		};
		A082002726C1F5D100100357 /* Debug */ = {
			isa = XCBuildConfiguration;
			baseConfigurationReference = 6F5CBB77B19B6F9B80D8238A /* Pods-fusen.debug.xcconfig */;
			buildSettings = {
				ASSETCATALOG_COMPILER_APPICON_NAME = AppIcon;
				ASSETCATALOG_COMPILER_GLOBAL_ACCENT_COLOR_NAME = AccentColor;
				CODE_SIGN_STYLE = Automatic;
				CURRENT_PROJECT_VERSION = 1;
				DEVELOPMENT_ASSET_PATHS = "\"fusen/Preview Content\"";
				DEVELOPMENT_TEAM = MYDHT92MBT;
				ENABLE_PREVIEWS = YES;
				GENERATE_INFOPLIST_FILE = YES;
				INFOPLIST_KEY_UIApplicationSceneManifest_Generation = YES;
				INFOPLIST_KEY_UIApplicationSupportsIndirectInputEvents = YES;
				INFOPLIST_KEY_UILaunchScreen_Generation = YES;
				INFOPLIST_KEY_UISupportedInterfaceOrientations_iPad = "UIInterfaceOrientationPortrait UIInterfaceOrientationPortraitUpsideDown UIInterfaceOrientationLandscapeLeft UIInterfaceOrientationLandscapeRight";
				INFOPLIST_KEY_UISupportedInterfaceOrientations_iPhone = "UIInterfaceOrientationPortrait UIInterfaceOrientationLandscapeLeft UIInterfaceOrientationLandscapeRight";
				IPHONEOS_DEPLOYMENT_TARGET = 15.0;
				LD_RUNPATH_SEARCH_PATHS = (
					"$(inherited)",
					"@executable_path/Frameworks",
				);
				MARKETING_VERSION = 1.0;
				OTHER_SWIFT_FLAGS = "$(inherited) -D COCOAPODS -D DEBUG";
				PRODUCT_BUNDLE_IDENTIFIER = com.example.fusen;
				PRODUCT_NAME = "$(TARGET_NAME)";
				SWIFT_EMIT_LOC_STRINGS = YES;
				SWIFT_VERSION = 5.0;
				TARGETED_DEVICE_FAMILY = "1,2";
			};
			name = Debug;
		};
		A082002826C1F5D100100357 /* Release */ = {
			isa = XCBuildConfiguration;
			baseConfigurationReference = 983232E518C4EADBE80E78A4 /* Pods-fusen.release.xcconfig */;
			buildSettings = {
				ASSETCATALOG_COMPILER_APPICON_NAME = AppIcon;
				ASSETCATALOG_COMPILER_GLOBAL_ACCENT_COLOR_NAME = AccentColor;
				CODE_SIGN_STYLE = Automatic;
				CURRENT_PROJECT_VERSION = 1;
				DEVELOPMENT_ASSET_PATHS = "\"fusen/Preview Content\"";
				DEVELOPMENT_TEAM = MYDHT92MBT;
				ENABLE_PREVIEWS = YES;
				GENERATE_INFOPLIST_FILE = YES;
				INFOPLIST_KEY_UIApplicationSceneManifest_Generation = YES;
				INFOPLIST_KEY_UIApplicationSupportsIndirectInputEvents = YES;
				INFOPLIST_KEY_UILaunchScreen_Generation = YES;
				INFOPLIST_KEY_UISupportedInterfaceOrientations_iPad = "UIInterfaceOrientationPortrait UIInterfaceOrientationPortraitUpsideDown UIInterfaceOrientationLandscapeLeft UIInterfaceOrientationLandscapeRight";
				INFOPLIST_KEY_UISupportedInterfaceOrientations_iPhone = "UIInterfaceOrientationPortrait UIInterfaceOrientationLandscapeLeft UIInterfaceOrientationLandscapeRight";
				IPHONEOS_DEPLOYMENT_TARGET = 15.0;
				LD_RUNPATH_SEARCH_PATHS = (
					"$(inherited)",
					"@executable_path/Frameworks",
				);
				MARKETING_VERSION = 1.0;
				PRODUCT_BUNDLE_IDENTIFIER = com.example.fusen;
				PRODUCT_NAME = "$(TARGET_NAME)";
				SWIFT_EMIT_LOC_STRINGS = YES;
				SWIFT_VERSION = 5.0;
				TARGETED_DEVICE_FAMILY = "1,2";
			};
			name = Release;
		};
		A082002A26C1F5D100100357 /* Debug */ = {
			isa = XCBuildConfiguration;
			baseConfigurationReference = BA1243C082F110680D93D45F /* Pods-fusenTests.debug.xcconfig */;
			buildSettings = {
				ALWAYS_EMBED_SWIFT_STANDARD_LIBRARIES = YES;
				BUNDLE_LOADER = "$(TEST_HOST)";
				CODE_SIGN_STYLE = Automatic;
				CURRENT_PROJECT_VERSION = 1;
				DEVELOPMENT_TEAM = MYDHT92MBT;
				GENERATE_INFOPLIST_FILE = YES;
				IPHONEOS_DEPLOYMENT_TARGET = 15.0;
				LD_RUNPATH_SEARCH_PATHS = (
					"$(inherited)",
					"@executable_path/Frameworks",
					"@loader_path/Frameworks",
				);
				MARKETING_VERSION = 1.0;
				PRODUCT_BUNDLE_IDENTIFIER = com.example.fusenTests;
				PRODUCT_NAME = "$(TARGET_NAME)";
				SWIFT_EMIT_LOC_STRINGS = NO;
				SWIFT_VERSION = 5.0;
				TARGETED_DEVICE_FAMILY = "1,2";
				TEST_HOST = "$(BUILT_PRODUCTS_DIR)/fusen.app/fusen";
			};
			name = Debug;
		};
		A082002B26C1F5D100100357 /* Release */ = {
			isa = XCBuildConfiguration;
			baseConfigurationReference = 7B88CB3E534BCE0F944FD992 /* Pods-fusenTests.release.xcconfig */;
			buildSettings = {
				ALWAYS_EMBED_SWIFT_STANDARD_LIBRARIES = YES;
				BUNDLE_LOADER = "$(TEST_HOST)";
				CODE_SIGN_STYLE = Automatic;
				CURRENT_PROJECT_VERSION = 1;
				DEVELOPMENT_TEAM = MYDHT92MBT;
				GENERATE_INFOPLIST_FILE = YES;
				IPHONEOS_DEPLOYMENT_TARGET = 15.0;
				LD_RUNPATH_SEARCH_PATHS = (
					"$(inherited)",
					"@executable_path/Frameworks",
					"@loader_path/Frameworks",
				);
				MARKETING_VERSION = 1.0;
				PRODUCT_BUNDLE_IDENTIFIER = com.example.fusenTests;
				PRODUCT_NAME = "$(TARGET_NAME)";
				SWIFT_EMIT_LOC_STRINGS = NO;
				SWIFT_VERSION = 5.0;
				TARGETED_DEVICE_FAMILY = "1,2";
				TEST_HOST = "$(BUILT_PRODUCTS_DIR)/fusen.app/fusen";
			};
			name = Release;
		};
		A082002D26C1F5D100100357 /* Debug */ = {
			isa = XCBuildConfiguration;
			baseConfigurationReference = B9CE5958189153717B673230 /* Pods-fusen-fusenUITests.debug.xcconfig */;
			buildSettings = {
				ALWAYS_EMBED_SWIFT_STANDARD_LIBRARIES = YES;
				CODE_SIGN_STYLE = Automatic;
				CURRENT_PROJECT_VERSION = 1;
				DEVELOPMENT_TEAM = MYDHT92MBT;
				GENERATE_INFOPLIST_FILE = YES;
				LD_RUNPATH_SEARCH_PATHS = (
					"$(inherited)",
					"@executable_path/Frameworks",
					"@loader_path/Frameworks",
				);
				MARKETING_VERSION = 1.0;
				PRODUCT_BUNDLE_IDENTIFIER = com.example.fusenUITests;
				PRODUCT_NAME = "$(TARGET_NAME)";
				SWIFT_EMIT_LOC_STRINGS = NO;
				SWIFT_VERSION = 5.0;
				TARGETED_DEVICE_FAMILY = "1,2";
				TEST_TARGET_NAME = fusen;
			};
			name = Debug;
		};
		A082002E26C1F5D100100357 /* Release */ = {
			isa = XCBuildConfiguration;
			baseConfigurationReference = 0C3DED94C319492FE223FE79 /* Pods-fusen-fusenUITests.release.xcconfig */;
			buildSettings = {
				ALWAYS_EMBED_SWIFT_STANDARD_LIBRARIES = YES;
				CODE_SIGN_STYLE = Automatic;
				CURRENT_PROJECT_VERSION = 1;
				DEVELOPMENT_TEAM = MYDHT92MBT;
				GENERATE_INFOPLIST_FILE = YES;
				LD_RUNPATH_SEARCH_PATHS = (
					"$(inherited)",
					"@executable_path/Frameworks",
					"@loader_path/Frameworks",
				);
				MARKETING_VERSION = 1.0;
				PRODUCT_BUNDLE_IDENTIFIER = com.example.fusenUITests;
				PRODUCT_NAME = "$(TARGET_NAME)";
				SWIFT_EMIT_LOC_STRINGS = NO;
				SWIFT_VERSION = 5.0;
				TARGETED_DEVICE_FAMILY = "1,2";
				TEST_TARGET_NAME = fusen;
			};
			name = Release;
		};
/* End XCBuildConfiguration section */

/* Begin XCConfigurationList section */
		A082002626C1F5D100100357 /* Build configuration list for PBXNativeTarget "fusen" */ = {
			isa = XCConfigurationList;
			buildConfigurations = (
				A082002726C1F5D100100357 /* Debug */,
				A07507E026C5E79F0087AE5C /* Staging */,
				A082002826C1F5D100100357 /* Release */,
			);
			defaultConfigurationIsVisible = 0;
			defaultConfigurationName = Release;
		};
		A082002926C1F5D100100357 /* Build configuration list for PBXNativeTarget "fusenTests" */ = {
			isa = XCConfigurationList;
			buildConfigurations = (
				A082002A26C1F5D100100357 /* Debug */,
				A07507E126C5E79F0087AE5C /* Staging */,
				A082002B26C1F5D100100357 /* Release */,
			);
			defaultConfigurationIsVisible = 0;
			defaultConfigurationName = Release;
		};
		A082002C26C1F5D100100357 /* Build configuration list for PBXNativeTarget "fusenUITests" */ = {
			isa = XCConfigurationList;
			buildConfigurations = (
				A082002D26C1F5D100100357 /* Debug */,
				A07507E226C5E79F0087AE5C /* Staging */,
				A082002E26C1F5D100100357 /* Release */,
			);
			defaultConfigurationIsVisible = 0;
			defaultConfigurationName = Release;
		};
		A082FFFF26C1F5CF00100357 /* Build configuration list for PBXProject "fusen" */ = {
			isa = XCConfigurationList;
			buildConfigurations = (
				A082002426C1F5D100100357 /* Debug */,
				A07507DF26C5E79F0087AE5C /* Staging */,
				A082002526C1F5D100100357 /* Release */,
			);
			defaultConfigurationIsVisible = 0;
			defaultConfigurationName = Release;
		};
/* End XCConfigurationList section */
	};
	rootObject = A082FFFC26C1F5CF00100357 /* Project object */;
}
